// !$*UTF8*$!
{
	archiveVersion = 1;
	classes = {
	};
	objectVersion = 46;
	objects = {

/* Begin PBXBuildFile section */
		00E356F31AD99517003FC87E /* AppleTimerTests.m in Sources */ = {isa = PBXBuildFile; fileRef = 00E356F21AD99517003FC87E /* AppleTimerTests.m */; };
		0856240ADF3E03DC38DD31AD /* libPods-AppleTimer-AppleTimerTests.a in Frameworks */ = {isa = PBXBuildFile; fileRef = 03E79971A8B6DB1E18DD433F /* libPods-AppleTimer-AppleTimerTests.a */; };
		13B07FBC1A68108700A75B9A /* AppDelegate.m in Sources */ = {isa = PBXBuildFile; fileRef = 13B07FB01A68108700A75B9A /* AppDelegate.m */; };
		13B07FBF1A68108700A75B9A /* Images.xcassets in Resources */ = {isa = PBXBuildFile; fileRef = 13B07FB51A68108700A75B9A /* Images.xcassets */; };
		13B07FC11A68108700A75B9A /* main.m in Sources */ = {isa = PBXBuildFile; fileRef = 13B07FB71A68108700A75B9A /* main.m */; };
		2D02E4BC1E0B4A80006451C7 /* AppDelegate.m in Sources */ = {isa = PBXBuildFile; fileRef = 13B07FB01A68108700A75B9A /* AppDelegate.m */; };
		2D02E4BD1E0B4A84006451C7 /* Images.xcassets in Resources */ = {isa = PBXBuildFile; fileRef = 13B07FB51A68108700A75B9A /* Images.xcassets */; };
		2D02E4BF1E0B4AB3006451C7 /* main.m in Sources */ = {isa = PBXBuildFile; fileRef = 13B07FB71A68108700A75B9A /* main.m */; };
		2DCD954D1E0B4F2C00145EB5 /* AppleTimerTests.m in Sources */ = {isa = PBXBuildFile; fileRef = 00E356F21AD99517003FC87E /* AppleTimerTests.m */; };
		3E3736342764B701004801EE /* en_12.mp3 in Resources */ = {isa = PBXBuildFile; fileRef = 3E3735BE2764B6FD004801EE /* en_12.mp3 */; };
		3E3736352764B701004801EE /* zh_33.mp3 in Resources */ = {isa = PBXBuildFile; fileRef = 3E3735BF2764B6FD004801EE /* zh_33.mp3 */; };
		3E3736362764B701004801EE /* en_48.mp3 in Resources */ = {isa = PBXBuildFile; fileRef = 3E3735C02764B6FD004801EE /* en_48.mp3 */; };
		3E3736372764B701004801EE /* zh_41.mp3 in Resources */ = {isa = PBXBuildFile; fileRef = 3E3735C12764B6FD004801EE /* zh_41.mp3 */; };
		3E3736382764B701004801EE /* en_10.mp3 in Resources */ = {isa = PBXBuildFile; fileRef = 3E3735C22764B6FD004801EE /* en_10.mp3 */; };
		3E3736392764B701004801EE /* zh_sets_to_go.mp3 in Resources */ = {isa = PBXBuildFile; fileRef = 3E3735C32764B6FD004801EE /* zh_sets_to_go.mp3 */; };
		3E37363A2764B701004801EE /* en_20.mp3 in Resources */ = {isa = PBXBuildFile; fileRef = 3E3735C42764B6FD004801EE /* en_20.mp3 */; };
		3E37363B2764B701004801EE /* zh_45.mp3 in Resources */ = {isa = PBXBuildFile; fileRef = 3E3735C52764B6FD004801EE /* zh_45.mp3 */; };
		3E37363C2764B701004801EE /* en_45.mp3 in Resources */ = {isa = PBXBuildFile; fileRef = 3E3735C62764B6FD004801EE /* en_45.mp3 */; };
		3E37363D2764B701004801EE /* en_24.mp3 in Resources */ = {isa = PBXBuildFile; fileRef = 3E3735C72764B6FD004801EE /* en_24.mp3 */; };
		3E37363E2764B701004801EE /* en_23.mp3 in Resources */ = {isa = PBXBuildFile; fileRef = 3E3735C82764B6FD004801EE /* en_23.mp3 */; };
		3E37363F2764B701004801EE /* zh_31.mp3 in Resources */ = {isa = PBXBuildFile; fileRef = 3E3735C92764B6FD004801EE /* zh_31.mp3 */; };
		3E3736402764B701004801EE /* en_25.mp3 in Resources */ = {isa = PBXBuildFile; fileRef = 3E3735CA2764B6FD004801EE /* en_25.mp3 */; };
		3E3736412764B701004801EE /* zh_43.mp3 in Resources */ = {isa = PBXBuildFile; fileRef = 3E3735CB2764B6FD004801EE /* zh_43.mp3 */; };
		3E3736422764B701004801EE /* en_36.mp3 in Resources */ = {isa = PBXBuildFile; fileRef = 3E3735CC2764B6FD004801EE /* en_36.mp3 */; };
		3E3736432764B701004801EE /* en_1.mp3 in Resources */ = {isa = PBXBuildFile; fileRef = 3E3735CD2764B6FD004801EE /* en_1.mp3 */; };
		3E3736442764B701004801EE /* en_40.mp3 in Resources */ = {isa = PBXBuildFile; fileRef = 3E3735CE2764B6FD004801EE /* en_40.mp3 */; };
		3E3736452764B701004801EE /* en_42.mp3 in Resources */ = {isa = PBXBuildFile; fileRef = 3E3735CF2764B6FE004801EE /* en_42.mp3 */; };
		3E3736462764B701004801EE /* en_8.mp3 in Resources */ = {isa = PBXBuildFile; fileRef = 3E3735D02764B6FE004801EE /* en_8.mp3 */; };
		3E3736472764B701004801EE /* zh_50.mp3 in Resources */ = {isa = PBXBuildFile; fileRef = 3E3735D12764B6FE004801EE /* zh_50.mp3 */; };
		3E3736482764B701004801EE /* zh_10.mp3 in Resources */ = {isa = PBXBuildFile; fileRef = 3E3735D22764B6FE004801EE /* zh_10.mp3 */; };
		3E3736492764B701004801EE /* en_17.mp3 in Resources */ = {isa = PBXBuildFile; fileRef = 3E3735D32764B6FE004801EE /* en_17.mp3 */; };
		3E37364A2764B701004801EE /* en_26.mp3 in Resources */ = {isa = PBXBuildFile; fileRef = 3E3735D42764B6FE004801EE /* en_26.mp3 */; };
		3E37364B2764B701004801EE /* en_4.mp3 in Resources */ = {isa = PBXBuildFile; fileRef = 3E3735D52764B6FE004801EE /* en_4.mp3 */; };
		3E37364C2764B701004801EE /* zh_46.mp3 in Resources */ = {isa = PBXBuildFile; fileRef = 3E3735D62764B6FE004801EE /* zh_46.mp3 */; };
		3E37364D2764B701004801EE /* zh_37.mp3 in Resources */ = {isa = PBXBuildFile; fileRef = 3E3735D72764B6FE004801EE /* zh_37.mp3 */; };
		3E37364E2764B701004801EE /* zh_42.mp3 in Resources */ = {isa = PBXBuildFile; fileRef = 3E3735D82764B6FE004801EE /* zh_42.mp3 */; };
		3E37364F2764B701004801EE /* zh_timer_paused.mp3 in Resources */ = {isa = PBXBuildFile; fileRef = 3E3735D92764B6FE004801EE /* zh_timer_paused.mp3 */; };
		3E3736502764B701004801EE /* zh_32.mp3 in Resources */ = {isa = PBXBuildFile; fileRef = 3E3735DA2764B6FE004801EE /* zh_32.mp3 */; };
		3E3736512764B701004801EE /* en_11.mp3 in Resources */ = {isa = PBXBuildFile; fileRef = 3E3735DB2764B6FE004801EE /* en_11.mp3 */; };
		3E3736522764B701004801EE /* zh_47.mp3 in Resources */ = {isa = PBXBuildFile; fileRef = 3E3735DC2764B6FE004801EE /* zh_47.mp3 */; };
		3E3736532764B701004801EE /* zh_25.mp3 in Resources */ = {isa = PBXBuildFile; fileRef = 3E3735DD2764B6FE004801EE /* zh_25.mp3 */; };
		3E3736542764B701004801EE /* zh_4.mp3 in Resources */ = {isa = PBXBuildFile; fileRef = 3E3735DE2764B6FE004801EE /* zh_4.mp3 */; };
		3E3736552764B701004801EE /* en_33.mp3 in Resources */ = {isa = PBXBuildFile; fileRef = 3E3735DF2764B6FE004801EE /* en_33.mp3 */; };
		3E3736562764B701004801EE /* en_50.mp3 in Resources */ = {isa = PBXBuildFile; fileRef = 3E3735E02764B6FE004801EE /* en_50.mp3 */; };
		3E3736572764B701004801EE /* zh_5.mp3 in Resources */ = {isa = PBXBuildFile; fileRef = 3E3735E12764B6FE004801EE /* zh_5.mp3 */; };
		3E3736582764B701004801EE /* zh_21.mp3 in Resources */ = {isa = PBXBuildFile; fileRef = 3E3735E22764B6FE004801EE /* zh_21.mp3 */; };
		3E3736592764B701004801EE /* zh_14.mp3 in Resources */ = {isa = PBXBuildFile; fileRef = 3E3735E32764B6FE004801EE /* zh_14.mp3 */; };
		3E37365A2764B701004801EE /* zh_12.mp3 in Resources */ = {isa = PBXBuildFile; fileRef = 3E3735E42764B6FE004801EE /* zh_12.mp3 */; };
		3E37365B2764B701004801EE /* en_27.mp3 in Resources */ = {isa = PBXBuildFile; fileRef = 3E3735E52764B6FE004801EE /* en_27.mp3 */; };
		3E37365C2764B701004801EE /* zh_three_two_one.mp3 in Resources */ = {isa = PBXBuildFile; fileRef = 3E3735E62764B6FE004801EE /* zh_three_two_one.mp3 */; };
		3E37365D2764B701004801EE /* en_18.mp3 in Resources */ = {isa = PBXBuildFile; fileRef = 3E3735E72764B6FE004801EE /* en_18.mp3 */; };
		3E37365E2764B701004801EE /* zh_3.mp3 in Resources */ = {isa = PBXBuildFile; fileRef = 3E3735E82764B6FE004801EE /* zh_3.mp3 */; };
		3E37365F2764B701004801EE /* zh_20.mp3 in Resources */ = {isa = PBXBuildFile; fileRef = 3E3735E92764B6FE004801EE /* zh_20.mp3 */; };
		3E3736602764B701004801EE /* en_3.mp3 in Resources */ = {isa = PBXBuildFile; fileRef = 3E3735EA2764B6FE004801EE /* en_3.mp3 */; };
		3E3736612764B701004801EE /* zh_8.mp3 in Resources */ = {isa = PBXBuildFile; fileRef = 3E3735EB2764B6FE004801EE /* zh_8.mp3 */; };
		3E3736622764B701004801EE /* en_15.mp3 in Resources */ = {isa = PBXBuildFile; fileRef = 3E3735EC2764B6FE004801EE /* en_15.mp3 */; };
		3E3736632764B701004801EE /* en_38.mp3 in Resources */ = {isa = PBXBuildFile; fileRef = 3E3735ED2764B6FE004801EE /* en_38.mp3 */; };
		3E3736642764B701004801EE /* en_31.mp3 in Resources */ = {isa = PBXBuildFile; fileRef = 3E3735EE2764B6FF004801EE /* en_31.mp3 */; };
		3E3736652764B701004801EE /* en_46.mp3 in Resources */ = {isa = PBXBuildFile; fileRef = 3E3735EF2764B6FF004801EE /* en_46.mp3 */; };
		3E3736662764B701004801EE /* zh_44.mp3 in Resources */ = {isa = PBXBuildFile; fileRef = 3E3735F02764B6FF004801EE /* zh_44.mp3 */; };
		3E3736672764B701004801EE /* zh_11.mp3 in Resources */ = {isa = PBXBuildFile; fileRef = 3E3735F12764B6FF004801EE /* zh_11.mp3 */; };
		3E3736682764B701004801EE /* zh_timer_resumed.mp3 in Resources */ = {isa = PBXBuildFile; fileRef = 3E3735F22764B6FF004801EE /* zh_timer_resumed.mp3 */; };
		3E3736692764B701004801EE /* en_44.mp3 in Resources */ = {isa = PBXBuildFile; fileRef = 3E3735F32764B6FF004801EE /* en_44.mp3 */; };
		3E37366A2764B701004801EE /* en_29.mp3 in Resources */ = {isa = PBXBuildFile; fileRef = 3E3735F42764B6FF004801EE /* en_29.mp3 */; };
		3E37366B2764B701004801EE /* zh_workout.mp3 in Resources */ = {isa = PBXBuildFile; fileRef = 3E3735F52764B6FF004801EE /* zh_workout.mp3 */; };
		3E37366C2764B701004801EE /* en_timer_resumed.mp3 in Resources */ = {isa = PBXBuildFile; fileRef = 3E3735F62764B6FF004801EE /* en_timer_resumed.mp3 */; };
		3E37366D2764B701004801EE /* en_39.mp3 in Resources */ = {isa = PBXBuildFile; fileRef = 3E3735F72764B6FF004801EE /* en_39.mp3 */; };
		3E37366E2764B701004801EE /* en_47.mp3 in Resources */ = {isa = PBXBuildFile; fileRef = 3E3735F82764B6FF004801EE /* en_47.mp3 */; };
		3E37366F2764B701004801EE /* en_19.mp3 in Resources */ = {isa = PBXBuildFile; fileRef = 3E3735F92764B6FF004801EE /* en_19.mp3 */; };
		3E3736702764B701004801EE /* zh_26.mp3 in Resources */ = {isa = PBXBuildFile; fileRef = 3E3735FA2764B6FF004801EE /* zh_26.mp3 */; };
		3E3736712764B701004801EE /* zh_35.mp3 in Resources */ = {isa = PBXBuildFile; fileRef = 3E3735FB2764B6FF004801EE /* zh_35.mp3 */; };
		3E3736722764B701004801EE /* zh_13.mp3 in Resources */ = {isa = PBXBuildFile; fileRef = 3E3735FC2764B6FF004801EE /* zh_13.mp3 */; };
		3E3736732764B701004801EE /* en_9.mp3 in Resources */ = {isa = PBXBuildFile; fileRef = 3E3735FD2764B6FF004801EE /* en_9.mp3 */; };
		3E3736742764B701004801EE /* en_cycle_completed.mp3 in Resources */ = {isa = PBXBuildFile; fileRef = 3E3735FE2764B6FF004801EE /* en_cycle_completed.mp3 */; };
		3E3736752764B701004801EE /* zh_27.mp3 in Resources */ = {isa = PBXBuildFile; fileRef = 3E3735FF2764B6FF004801EE /* zh_27.mp3 */; };
		3E3736762764B701004801EE /* en_41.mp3 in Resources */ = {isa = PBXBuildFile; fileRef = 3E3736002764B6FF004801EE /* en_41.mp3 */; };
		3E3736772764B701004801EE /* zh_rest.mp3 in Resources */ = {isa = PBXBuildFile; fileRef = 3E3736012764B6FF004801EE /* zh_rest.mp3 */; };
		3E3736782764B701004801EE /* en_43.mp3 in Resources */ = {isa = PBXBuildFile; fileRef = 3E3736022764B6FF004801EE /* en_43.mp3 */; };
		3E3736792764B701004801EE /* zh_timer_completed.mp3 in Resources */ = {isa = PBXBuildFile; fileRef = 3E3736032764B6FF004801EE /* zh_timer_completed.mp3 */; };
		3E37367A2764B701004801EE /* zh_cycle_completed.mp3 in Resources */ = {isa = PBXBuildFile; fileRef = 3E3736042764B6FF004801EE /* zh_cycle_completed.mp3 */; };
		3E37367B2764B701004801EE /* en_three_two_one.mp3 in Resources */ = {isa = PBXBuildFile; fileRef = 3E3736052764B6FF004801EE /* en_three_two_one.mp3 */; };
		3E37367C2764B701004801EE /* en_sets_to_go.mp3 in Resources */ = {isa = PBXBuildFile; fileRef = 3E3736062764B6FF004801EE /* en_sets_to_go.mp3 */; };
		3E37367D2764B701004801EE /* zh_34.mp3 in Resources */ = {isa = PBXBuildFile; fileRef = 3E3736072764B6FF004801EE /* zh_34.mp3 */; };
		3E37367E2764B701004801EE /* en_30.mp3 in Resources */ = {isa = PBXBuildFile; fileRef = 3E3736082764B6FF004801EE /* en_30.mp3 */; };
		3E37367F2764B701004801EE /* en_32.mp3 in Resources */ = {isa = PBXBuildFile; fileRef = 3E3736092764B6FF004801EE /* en_32.mp3 */; };
		3E3736802764B701004801EE /* zh_timer_stopped.mp3 in Resources */ = {isa = PBXBuildFile; fileRef = 3E37360A2764B6FF004801EE /* zh_timer_stopped.mp3 */; };
		3E3736812764B701004801EE /* zh_16.mp3 in Resources */ = {isa = PBXBuildFile; fileRef = 3E37360B2764B6FF004801EE /* zh_16.mp3 */; };
		3E3736822764B701004801EE /* zh_24.mp3 in Resources */ = {isa = PBXBuildFile; fileRef = 3E37360C2764B6FF004801EE /* zh_24.mp3 */; };
		3E3736832764B701004801EE /* zh_39.mp3 in Resources */ = {isa = PBXBuildFile; fileRef = 3E37360D2764B6FF004801EE /* zh_39.mp3 */; };
		3E3736842764B701004801EE /* en_21.mp3 in Resources */ = {isa = PBXBuildFile; fileRef = 3E37360E2764B700004801EE /* en_21.mp3 */; };
		3E3736852764B701004801EE /* en_workout.mp3 in Resources */ = {isa = PBXBuildFile; fileRef = 3E37360F2764B700004801EE /* en_workout.mp3 */; };
		3E3736862764B701004801EE /* zh_38.mp3 in Resources */ = {isa = PBXBuildFile; fileRef = 3E3736102764B700004801EE /* zh_38.mp3 */; };
		3E3736872764B701004801EE /* zh_49.mp3 in Resources */ = {isa = PBXBuildFile; fileRef = 3E3736112764B700004801EE /* zh_49.mp3 */; };
		3E3736882764B701004801EE /* zh_23.mp3 in Resources */ = {isa = PBXBuildFile; fileRef = 3E3736122764B700004801EE /* zh_23.mp3 */; };
		3E3736892764B701004801EE /* en_timer_completed.mp3 in Resources */ = {isa = PBXBuildFile; fileRef = 3E3736132764B700004801EE /* en_timer_completed.mp3 */; };
		3E37368A2764B701004801EE /* en_16.mp3 in Resources */ = {isa = PBXBuildFile; fileRef = 3E3736142764B700004801EE /* en_16.mp3 */; };
		3E37368B2764B701004801EE /* en_6.mp3 in Resources */ = {isa = PBXBuildFile; fileRef = 3E3736152764B700004801EE /* en_6.mp3 */; };
		3E37368C2764B701004801EE /* en_13.mp3 in Resources */ = {isa = PBXBuildFile; fileRef = 3E3736162764B700004801EE /* en_13.mp3 */; };
		3E37368D2764B701004801EE /* zh_29.mp3 in Resources */ = {isa = PBXBuildFile; fileRef = 3E3736172764B700004801EE /* zh_29.mp3 */; };
		3E37368E2764B701004801EE /* zh_17.mp3 in Resources */ = {isa = PBXBuildFile; fileRef = 3E3736182764B700004801EE /* zh_17.mp3 */; };
		3E37368F2764B701004801EE /* en_timer_paused.mp3 in Resources */ = {isa = PBXBuildFile; fileRef = 3E3736192764B700004801EE /* en_timer_paused.mp3 */; };
		3E3736902764B701004801EE /* en_35.mp3 in Resources */ = {isa = PBXBuildFile; fileRef = 3E37361A2764B700004801EE /* en_35.mp3 */; };
		3E3736912764B701004801EE /* en_22.mp3 in Resources */ = {isa = PBXBuildFile; fileRef = 3E37361B2764B700004801EE /* en_22.mp3 */; };
		3E3736922764B701004801EE /* en_49.mp3 in Resources */ = {isa = PBXBuildFile; fileRef = 3E37361C2764B700004801EE /* en_49.mp3 */; };
		3E3736932764B701004801EE /* zh_22.mp3 in Resources */ = {isa = PBXBuildFile; fileRef = 3E37361D2764B700004801EE /* zh_22.mp3 */; };
		3E3736942764B701004801EE /* zh_15.mp3 in Resources */ = {isa = PBXBuildFile; fileRef = 3E37361E2764B700004801EE /* zh_15.mp3 */; };
		3E3736952764B701004801EE /* zh_1.mp3 in Resources */ = {isa = PBXBuildFile; fileRef = 3E37361F2764B700004801EE /* zh_1.mp3 */; };
		3E3736962764B701004801EE /* zh_7.mp3 in Resources */ = {isa = PBXBuildFile; fileRef = 3E3736202764B700004801EE /* zh_7.mp3 */; };
		3E3736972764B701004801EE /* zh_30.mp3 in Resources */ = {isa = PBXBuildFile; fileRef = 3E3736212764B700004801EE /* zh_30.mp3 */; };
		3E3736982764B701004801EE /* en_7.mp3 in Resources */ = {isa = PBXBuildFile; fileRef = 3E3736222764B700004801EE /* en_7.mp3 */; };
		3E3736992764B701004801EE /* en_14.mp3 in Resources */ = {isa = PBXBuildFile; fileRef = 3E3736232764B700004801EE /* en_14.mp3 */; };
		3E37369A2764B701004801EE /* en_37.mp3 in Resources */ = {isa = PBXBuildFile; fileRef = 3E3736242764B700004801EE /* en_37.mp3 */; };
		3E37369B2764B701004801EE /* zh_28.mp3 in Resources */ = {isa = PBXBuildFile; fileRef = 3E3736252764B700004801EE /* zh_28.mp3 */; };
		3E37369C2764B701004801EE /* zh_2.mp3 in Resources */ = {isa = PBXBuildFile; fileRef = 3E3736262764B700004801EE /* zh_2.mp3 */; };
		3E37369D2764B701004801EE /* zh_19.mp3 in Resources */ = {isa = PBXBuildFile; fileRef = 3E3736272764B700004801EE /* zh_19.mp3 */; };
		3E37369E2764B701004801EE /* zh_40.mp3 in Resources */ = {isa = PBXBuildFile; fileRef = 3E3736282764B700004801EE /* zh_40.mp3 */; };
		3E37369F2764B701004801EE /* zh_9.mp3 in Resources */ = {isa = PBXBuildFile; fileRef = 3E3736292764B700004801EE /* zh_9.mp3 */; };
		3E3736A02764B701004801EE /* en_rest.mp3 in Resources */ = {isa = PBXBuildFile; fileRef = 3E37362A2764B700004801EE /* en_rest.mp3 */; };
		3E3736A12764B701004801EE /* en_2.mp3 in Resources */ = {isa = PBXBuildFile; fileRef = 3E37362B2764B700004801EE /* en_2.mp3 */; };
		3E3736A22764B701004801EE /* en_timer_stopped.mp3 in Resources */ = {isa = PBXBuildFile; fileRef = 3E37362C2764B700004801EE /* en_timer_stopped.mp3 */; };
		3E3736A32764B701004801EE /* en_5.mp3 in Resources */ = {isa = PBXBuildFile; fileRef = 3E37362D2764B700004801EE /* en_5.mp3 */; };
		3E3736A42764B701004801EE /* en_28.mp3 in Resources */ = {isa = PBXBuildFile; fileRef = 3E37362E2764B700004801EE /* en_28.mp3 */; };
		3E3736A52764B701004801EE /* zh_6.mp3 in Resources */ = {isa = PBXBuildFile; fileRef = 3E37362F2764B700004801EE /* zh_6.mp3 */; };
		3E3736A62764B701004801EE /* en_34.mp3 in Resources */ = {isa = PBXBuildFile; fileRef = 3E3736302764B701004801EE /* en_34.mp3 */; };
		3E3736A72764B701004801EE /* zh_48.mp3 in Resources */ = {isa = PBXBuildFile; fileRef = 3E3736312764B701004801EE /* zh_48.mp3 */; };
		3E3736A82764B701004801EE /* zh_36.mp3 in Resources */ = {isa = PBXBuildFile; fileRef = 3E3736322764B701004801EE /* zh_36.mp3 */; };
		3E3736A92764B701004801EE /* zh_18.mp3 in Resources */ = {isa = PBXBuildFile; fileRef = 3E3736332764B701004801EE /* zh_18.mp3 */; };
		81AB9BB82411601600AC10FF /* LaunchScreen.storyboard in Resources */ = {isa = PBXBuildFile; fileRef = 81AB9BB72411601600AC10FF /* LaunchScreen.storyboard */; };
		833F2006FE004CFBA319C9F2 /* libPods-AppleTimer.a in Frameworks */ = {isa = PBXBuildFile; fileRef = 8CE8F60935CC7F1EA8FB7E0E /* libPods-AppleTimer.a */; };
/* End PBXBuildFile section */

/* Begin PBXContainerItemProxy section */
		00E356F41AD99517003FC87E /* PBXContainerItemProxy */ = {
			isa = PBXContainerItemProxy;
			containerPortal = 83CBB9F71A601CBA00E9B192 /* Project object */;
			proxyType = 1;
			remoteGlobalIDString = 13B07F861A680F5B00A75B9A;
			remoteInfo = AppleTimer;
		};
		2D02E4911E0B4A5D006451C7 /* PBXContainerItemProxy */ = {
			isa = PBXContainerItemProxy;
			containerPortal = 83CBB9F71A601CBA00E9B192 /* Project object */;
			proxyType = 1;
			remoteGlobalIDString = 2D02E47A1E0B4A5D006451C7;
			remoteInfo = "AppleTimer-tvOS";
		};
/* End PBXContainerItemProxy section */

/* Begin PBXFileReference section */
		008F07F21AC5B25A0029DE68 /* main.jsbundle */ = {isa = PBXFileReference; fileEncoding = 4; lastKnownFileType = text; path = main.jsbundle; sourceTree = "<group>"; };
		00E356EE1AD99517003FC87E /* AppleTimerTests.xctest */ = {isa = PBXFileReference; explicitFileType = wrapper.cfbundle; includeInIndex = 0; path = AppleTimerTests.xctest; sourceTree = BUILT_PRODUCTS_DIR; };
		00E356F11AD99517003FC87E /* Info.plist */ = {isa = PBXFileReference; lastKnownFileType = text.plist.xml; path = Info.plist; sourceTree = "<group>"; };
		00E356F21AD99517003FC87E /* AppleTimerTests.m */ = {isa = PBXFileReference; lastKnownFileType = sourcecode.c.objc; path = AppleTimerTests.m; sourceTree = "<group>"; };
		03E79971A8B6DB1E18DD433F /* libPods-AppleTimer-AppleTimerTests.a */ = {isa = PBXFileReference; explicitFileType = archive.ar; includeInIndex = 0; path = "libPods-AppleTimer-AppleTimerTests.a"; sourceTree = BUILT_PRODUCTS_DIR; };
		10ACE8560183868AA4F826E4 /* Pods-AppleTimer.debug.xcconfig */ = {isa = PBXFileReference; includeInIndex = 1; lastKnownFileType = text.xcconfig; name = "Pods-AppleTimer.debug.xcconfig"; path = "Target Support Files/Pods-AppleTimer/Pods-AppleTimer.debug.xcconfig"; sourceTree = "<group>"; };
		13B07F961A680F5B00A75B9A /* AppleTimer.app */ = {isa = PBXFileReference; explicitFileType = wrapper.application; includeInIndex = 0; path = AppleTimer.app; sourceTree = BUILT_PRODUCTS_DIR; };
		13B07FAF1A68108700A75B9A /* AppDelegate.h */ = {isa = PBXFileReference; fileEncoding = 4; lastKnownFileType = sourcecode.c.h; name = AppDelegate.h; path = AppleTimer/AppDelegate.h; sourceTree = "<group>"; };
		13B07FB01A68108700A75B9A /* AppDelegate.m */ = {isa = PBXFileReference; fileEncoding = 4; lastKnownFileType = sourcecode.c.objc; name = AppDelegate.m; path = AppleTimer/AppDelegate.m; sourceTree = "<group>"; };
		13B07FB51A68108700A75B9A /* Images.xcassets */ = {isa = PBXFileReference; lastKnownFileType = folder.assetcatalog; name = Images.xcassets; path = AppleTimer/Images.xcassets; sourceTree = "<group>"; };
		13B07FB61A68108700A75B9A /* Info.plist */ = {isa = PBXFileReference; fileEncoding = 4; lastKnownFileType = text.plist.xml; name = Info.plist; path = AppleTimer/Info.plist; sourceTree = "<group>"; };
		13B07FB71A68108700A75B9A /* main.m */ = {isa = PBXFileReference; fileEncoding = 4; lastKnownFileType = sourcecode.c.objc; name = main.m; path = AppleTimer/main.m; sourceTree = "<group>"; };
		2D02E47B1E0B4A5D006451C7 /* AppleTimer-tvOS.app */ = {isa = PBXFileReference; explicitFileType = wrapper.application; includeInIndex = 0; path = "AppleTimer-tvOS.app"; sourceTree = BUILT_PRODUCTS_DIR; };
		2D02E4901E0B4A5D006451C7 /* AppleTimer-tvOSTests.xctest */ = {isa = PBXFileReference; explicitFileType = wrapper.cfbundle; includeInIndex = 0; path = "AppleTimer-tvOSTests.xctest"; sourceTree = BUILT_PRODUCTS_DIR; };
		2F9E780CE724C60CB827C553 /* Pods-AppleTimer-AppleTimerTests.debug.xcconfig */ = {isa = PBXFileReference; includeInIndex = 1; lastKnownFileType = text.xcconfig; name = "Pods-AppleTimer-AppleTimerTests.debug.xcconfig"; path = "Target Support Files/Pods-AppleTimer-AppleTimerTests/Pods-AppleTimer-AppleTimerTests.debug.xcconfig"; sourceTree = "<group>"; };
		3E3735BE2764B6FD004801EE /* en_12.mp3 */ = {isa = PBXFileReference; lastKnownFileType = audio.mp3; name = en_12.mp3; path = ../../src/assets/sounds/en_12.mp3; sourceTree = "<group>"; };
		3E3735BF2764B6FD004801EE /* zh_33.mp3 */ = {isa = PBXFileReference; lastKnownFileType = audio.mp3; name = zh_33.mp3; path = ../../src/assets/sounds/zh_33.mp3; sourceTree = "<group>"; };
		3E3735C02764B6FD004801EE /* en_48.mp3 */ = {isa = PBXFileReference; lastKnownFileType = audio.mp3; name = en_48.mp3; path = ../../src/assets/sounds/en_48.mp3; sourceTree = "<group>"; };
		3E3735C12764B6FD004801EE /* zh_41.mp3 */ = {isa = PBXFileReference; lastKnownFileType = audio.mp3; name = zh_41.mp3; path = ../../src/assets/sounds/zh_41.mp3; sourceTree = "<group>"; };
		3E3735C22764B6FD004801EE /* en_10.mp3 */ = {isa = PBXFileReference; lastKnownFileType = audio.mp3; name = en_10.mp3; path = ../../src/assets/sounds/en_10.mp3; sourceTree = "<group>"; };
		3E3735C32764B6FD004801EE /* zh_sets_to_go.mp3 */ = {isa = PBXFileReference; lastKnownFileType = audio.mp3; name = zh_sets_to_go.mp3; path = ../../src/assets/sounds/zh_sets_to_go.mp3; sourceTree = "<group>"; };
		3E3735C42764B6FD004801EE /* en_20.mp3 */ = {isa = PBXFileReference; lastKnownFileType = audio.mp3; name = en_20.mp3; path = ../../src/assets/sounds/en_20.mp3; sourceTree = "<group>"; };
		3E3735C52764B6FD004801EE /* zh_45.mp3 */ = {isa = PBXFileReference; lastKnownFileType = audio.mp3; name = zh_45.mp3; path = ../../src/assets/sounds/zh_45.mp3; sourceTree = "<group>"; };
		3E3735C62764B6FD004801EE /* en_45.mp3 */ = {isa = PBXFileReference; lastKnownFileType = audio.mp3; name = en_45.mp3; path = ../../src/assets/sounds/en_45.mp3; sourceTree = "<group>"; };
		3E3735C72764B6FD004801EE /* en_24.mp3 */ = {isa = PBXFileReference; lastKnownFileType = audio.mp3; name = en_24.mp3; path = ../../src/assets/sounds/en_24.mp3; sourceTree = "<group>"; };
		3E3735C82764B6FD004801EE /* en_23.mp3 */ = {isa = PBXFileReference; lastKnownFileType = audio.mp3; name = en_23.mp3; path = ../../src/assets/sounds/en_23.mp3; sourceTree = "<group>"; };
		3E3735C92764B6FD004801EE /* zh_31.mp3 */ = {isa = PBXFileReference; lastKnownFileType = audio.mp3; name = zh_31.mp3; path = ../../src/assets/sounds/zh_31.mp3; sourceTree = "<group>"; };
		3E3735CA2764B6FD004801EE /* en_25.mp3 */ = {isa = PBXFileReference; lastKnownFileType = audio.mp3; name = en_25.mp3; path = ../../src/assets/sounds/en_25.mp3; sourceTree = "<group>"; };
		3E3735CB2764B6FD004801EE /* zh_43.mp3 */ = {isa = PBXFileReference; lastKnownFileType = audio.mp3; name = zh_43.mp3; path = ../../src/assets/sounds/zh_43.mp3; sourceTree = "<group>"; };
		3E3735CC2764B6FD004801EE /* en_36.mp3 */ = {isa = PBXFileReference; lastKnownFileType = audio.mp3; name = en_36.mp3; path = ../../src/assets/sounds/en_36.mp3; sourceTree = "<group>"; };
		3E3735CD2764B6FD004801EE /* en_1.mp3 */ = {isa = PBXFileReference; lastKnownFileType = audio.mp3; name = en_1.mp3; path = ../../src/assets/sounds/en_1.mp3; sourceTree = "<group>"; };
		3E3735CE2764B6FD004801EE /* en_40.mp3 */ = {isa = PBXFileReference; lastKnownFileType = audio.mp3; name = en_40.mp3; path = ../../src/assets/sounds/en_40.mp3; sourceTree = "<group>"; };
		3E3735CF2764B6FE004801EE /* en_42.mp3 */ = {isa = PBXFileReference; lastKnownFileType = audio.mp3; name = en_42.mp3; path = ../../src/assets/sounds/en_42.mp3; sourceTree = "<group>"; };
		3E3735D02764B6FE004801EE /* en_8.mp3 */ = {isa = PBXFileReference; lastKnownFileType = audio.mp3; name = en_8.mp3; path = ../../src/assets/sounds/en_8.mp3; sourceTree = "<group>"; };
		3E3735D12764B6FE004801EE /* zh_50.mp3 */ = {isa = PBXFileReference; lastKnownFileType = audio.mp3; name = zh_50.mp3; path = ../../src/assets/sounds/zh_50.mp3; sourceTree = "<group>"; };
		3E3735D22764B6FE004801EE /* zh_10.mp3 */ = {isa = PBXFileReference; lastKnownFileType = audio.mp3; name = zh_10.mp3; path = ../../src/assets/sounds/zh_10.mp3; sourceTree = "<group>"; };
		3E3735D32764B6FE004801EE /* en_17.mp3 */ = {isa = PBXFileReference; lastKnownFileType = audio.mp3; name = en_17.mp3; path = ../../src/assets/sounds/en_17.mp3; sourceTree = "<group>"; };
		3E3735D42764B6FE004801EE /* en_26.mp3 */ = {isa = PBXFileReference; lastKnownFileType = audio.mp3; name = en_26.mp3; path = ../../src/assets/sounds/en_26.mp3; sourceTree = "<group>"; };
		3E3735D52764B6FE004801EE /* en_4.mp3 */ = {isa = PBXFileReference; lastKnownFileType = audio.mp3; name = en_4.mp3; path = ../../src/assets/sounds/en_4.mp3; sourceTree = "<group>"; };
		3E3735D62764B6FE004801EE /* zh_46.mp3 */ = {isa = PBXFileReference; lastKnownFileType = audio.mp3; name = zh_46.mp3; path = ../../src/assets/sounds/zh_46.mp3; sourceTree = "<group>"; };
		3E3735D72764B6FE004801EE /* zh_37.mp3 */ = {isa = PBXFileReference; lastKnownFileType = audio.mp3; name = zh_37.mp3; path = ../../src/assets/sounds/zh_37.mp3; sourceTree = "<group>"; };
		3E3735D82764B6FE004801EE /* zh_42.mp3 */ = {isa = PBXFileReference; lastKnownFileType = audio.mp3; name = zh_42.mp3; path = ../../src/assets/sounds/zh_42.mp3; sourceTree = "<group>"; };
		3E3735D92764B6FE004801EE /* zh_timer_paused.mp3 */ = {isa = PBXFileReference; lastKnownFileType = audio.mp3; name = zh_timer_paused.mp3; path = ../../src/assets/sounds/zh_timer_paused.mp3; sourceTree = "<group>"; };
		3E3735DA2764B6FE004801EE /* zh_32.mp3 */ = {isa = PBXFileReference; lastKnownFileType = audio.mp3; name = zh_32.mp3; path = ../../src/assets/sounds/zh_32.mp3; sourceTree = "<group>"; };
		3E3735DB2764B6FE004801EE /* en_11.mp3 */ = {isa = PBXFileReference; lastKnownFileType = audio.mp3; name = en_11.mp3; path = ../../src/assets/sounds/en_11.mp3; sourceTree = "<group>"; };
		3E3735DC2764B6FE004801EE /* zh_47.mp3 */ = {isa = PBXFileReference; lastKnownFileType = audio.mp3; name = zh_47.mp3; path = ../../src/assets/sounds/zh_47.mp3; sourceTree = "<group>"; };
		3E3735DD2764B6FE004801EE /* zh_25.mp3 */ = {isa = PBXFileReference; lastKnownFileType = audio.mp3; name = zh_25.mp3; path = ../../src/assets/sounds/zh_25.mp3; sourceTree = "<group>"; };
		3E3735DE2764B6FE004801EE /* zh_4.mp3 */ = {isa = PBXFileReference; lastKnownFileType = audio.mp3; name = zh_4.mp3; path = ../../src/assets/sounds/zh_4.mp3; sourceTree = "<group>"; };
		3E3735DF2764B6FE004801EE /* en_33.mp3 */ = {isa = PBXFileReference; lastKnownFileType = audio.mp3; name = en_33.mp3; path = ../../src/assets/sounds/en_33.mp3; sourceTree = "<group>"; };
		3E3735E02764B6FE004801EE /* en_50.mp3 */ = {isa = PBXFileReference; lastKnownFileType = audio.mp3; name = en_50.mp3; path = ../../src/assets/sounds/en_50.mp3; sourceTree = "<group>"; };
		3E3735E12764B6FE004801EE /* zh_5.mp3 */ = {isa = PBXFileReference; lastKnownFileType = audio.mp3; name = zh_5.mp3; path = ../../src/assets/sounds/zh_5.mp3; sourceTree = "<group>"; };
		3E3735E22764B6FE004801EE /* zh_21.mp3 */ = {isa = PBXFileReference; lastKnownFileType = audio.mp3; name = zh_21.mp3; path = ../../src/assets/sounds/zh_21.mp3; sourceTree = "<group>"; };
		3E3735E32764B6FE004801EE /* zh_14.mp3 */ = {isa = PBXFileReference; lastKnownFileType = audio.mp3; name = zh_14.mp3; path = ../../src/assets/sounds/zh_14.mp3; sourceTree = "<group>"; };
		3E3735E42764B6FE004801EE /* zh_12.mp3 */ = {isa = PBXFileReference; lastKnownFileType = audio.mp3; name = zh_12.mp3; path = ../../src/assets/sounds/zh_12.mp3; sourceTree = "<group>"; };
		3E3735E52764B6FE004801EE /* en_27.mp3 */ = {isa = PBXFileReference; lastKnownFileType = audio.mp3; name = en_27.mp3; path = ../../src/assets/sounds/en_27.mp3; sourceTree = "<group>"; };
		3E3735E62764B6FE004801EE /* zh_three_two_one.mp3 */ = {isa = PBXFileReference; lastKnownFileType = audio.mp3; name = zh_three_two_one.mp3; path = ../../src/assets/sounds/zh_three_two_one.mp3; sourceTree = "<group>"; };
		3E3735E72764B6FE004801EE /* en_18.mp3 */ = {isa = PBXFileReference; lastKnownFileType = audio.mp3; name = en_18.mp3; path = ../../src/assets/sounds/en_18.mp3; sourceTree = "<group>"; };
		3E3735E82764B6FE004801EE /* zh_3.mp3 */ = {isa = PBXFileReference; lastKnownFileType = audio.mp3; name = zh_3.mp3; path = ../../src/assets/sounds/zh_3.mp3; sourceTree = "<group>"; };
		3E3735E92764B6FE004801EE /* zh_20.mp3 */ = {isa = PBXFileReference; lastKnownFileType = audio.mp3; name = zh_20.mp3; path = ../../src/assets/sounds/zh_20.mp3; sourceTree = "<group>"; };
		3E3735EA2764B6FE004801EE /* en_3.mp3 */ = {isa = PBXFileReference; lastKnownFileType = audio.mp3; name = en_3.mp3; path = ../../src/assets/sounds/en_3.mp3; sourceTree = "<group>"; };
		3E3735EB2764B6FE004801EE /* zh_8.mp3 */ = {isa = PBXFileReference; lastKnownFileType = audio.mp3; name = zh_8.mp3; path = ../../src/assets/sounds/zh_8.mp3; sourceTree = "<group>"; };
		3E3735EC2764B6FE004801EE /* en_15.mp3 */ = {isa = PBXFileReference; lastKnownFileType = audio.mp3; name = en_15.mp3; path = ../../src/assets/sounds/en_15.mp3; sourceTree = "<group>"; };
		3E3735ED2764B6FE004801EE /* en_38.mp3 */ = {isa = PBXFileReference; lastKnownFileType = audio.mp3; name = en_38.mp3; path = ../../src/assets/sounds/en_38.mp3; sourceTree = "<group>"; };
		3E3735EE2764B6FF004801EE /* en_31.mp3 */ = {isa = PBXFileReference; lastKnownFileType = audio.mp3; name = en_31.mp3; path = ../../src/assets/sounds/en_31.mp3; sourceTree = "<group>"; };
		3E3735EF2764B6FF004801EE /* en_46.mp3 */ = {isa = PBXFileReference; lastKnownFileType = audio.mp3; name = en_46.mp3; path = ../../src/assets/sounds/en_46.mp3; sourceTree = "<group>"; };
		3E3735F02764B6FF004801EE /* zh_44.mp3 */ = {isa = PBXFileReference; lastKnownFileType = audio.mp3; name = zh_44.mp3; path = ../../src/assets/sounds/zh_44.mp3; sourceTree = "<group>"; };
		3E3735F12764B6FF004801EE /* zh_11.mp3 */ = {isa = PBXFileReference; lastKnownFileType = audio.mp3; name = zh_11.mp3; path = ../../src/assets/sounds/zh_11.mp3; sourceTree = "<group>"; };
		3E3735F22764B6FF004801EE /* zh_timer_resumed.mp3 */ = {isa = PBXFileReference; lastKnownFileType = audio.mp3; name = zh_timer_resumed.mp3; path = ../../src/assets/sounds/zh_timer_resumed.mp3; sourceTree = "<group>"; };
		3E3735F32764B6FF004801EE /* en_44.mp3 */ = {isa = PBXFileReference; lastKnownFileType = audio.mp3; name = en_44.mp3; path = ../../src/assets/sounds/en_44.mp3; sourceTree = "<group>"; };
		3E3735F42764B6FF004801EE /* en_29.mp3 */ = {isa = PBXFileReference; lastKnownFileType = audio.mp3; name = en_29.mp3; path = ../../src/assets/sounds/en_29.mp3; sourceTree = "<group>"; };
		3E3735F52764B6FF004801EE /* zh_workout.mp3 */ = {isa = PBXFileReference; lastKnownFileType = audio.mp3; name = zh_workout.mp3; path = ../../src/assets/sounds/zh_workout.mp3; sourceTree = "<group>"; };
		3E3735F62764B6FF004801EE /* en_timer_resumed.mp3 */ = {isa = PBXFileReference; lastKnownFileType = audio.mp3; name = en_timer_resumed.mp3; path = ../../src/assets/sounds/en_timer_resumed.mp3; sourceTree = "<group>"; };
		3E3735F72764B6FF004801EE /* en_39.mp3 */ = {isa = PBXFileReference; lastKnownFileType = audio.mp3; name = en_39.mp3; path = ../../src/assets/sounds/en_39.mp3; sourceTree = "<group>"; };
		3E3735F82764B6FF004801EE /* en_47.mp3 */ = {isa = PBXFileReference; lastKnownFileType = audio.mp3; name = en_47.mp3; path = ../../src/assets/sounds/en_47.mp3; sourceTree = "<group>"; };
		3E3735F92764B6FF004801EE /* en_19.mp3 */ = {isa = PBXFileReference; lastKnownFileType = audio.mp3; name = en_19.mp3; path = ../../src/assets/sounds/en_19.mp3; sourceTree = "<group>"; };
		3E3735FA2764B6FF004801EE /* zh_26.mp3 */ = {isa = PBXFileReference; lastKnownFileType = audio.mp3; name = zh_26.mp3; path = ../../src/assets/sounds/zh_26.mp3; sourceTree = "<group>"; };
		3E3735FB2764B6FF004801EE /* zh_35.mp3 */ = {isa = PBXFileReference; lastKnownFileType = audio.mp3; name = zh_35.mp3; path = ../../src/assets/sounds/zh_35.mp3; sourceTree = "<group>"; };
		3E3735FC2764B6FF004801EE /* zh_13.mp3 */ = {isa = PBXFileReference; lastKnownFileType = audio.mp3; name = zh_13.mp3; path = ../../src/assets/sounds/zh_13.mp3; sourceTree = "<group>"; };
		3E3735FD2764B6FF004801EE /* en_9.mp3 */ = {isa = PBXFileReference; lastKnownFileType = audio.mp3; name = en_9.mp3; path = ../../src/assets/sounds/en_9.mp3; sourceTree = "<group>"; };
		3E3735FE2764B6FF004801EE /* en_cycle_completed.mp3 */ = {isa = PBXFileReference; lastKnownFileType = audio.mp3; name = en_cycle_completed.mp3; path = ../../src/assets/sounds/en_cycle_completed.mp3; sourceTree = "<group>"; };
		3E3735FF2764B6FF004801EE /* zh_27.mp3 */ = {isa = PBXFileReference; lastKnownFileType = audio.mp3; name = zh_27.mp3; path = ../../src/assets/sounds/zh_27.mp3; sourceTree = "<group>"; };
		3E3736002764B6FF004801EE /* en_41.mp3 */ = {isa = PBXFileReference; lastKnownFileType = audio.mp3; name = en_41.mp3; path = ../../src/assets/sounds/en_41.mp3; sourceTree = "<group>"; };
		3E3736012764B6FF004801EE /* zh_rest.mp3 */ = {isa = PBXFileReference; lastKnownFileType = audio.mp3; name = zh_rest.mp3; path = ../../src/assets/sounds/zh_rest.mp3; sourceTree = "<group>"; };
		3E3736022764B6FF004801EE /* en_43.mp3 */ = {isa = PBXFileReference; lastKnownFileType = audio.mp3; name = en_43.mp3; path = ../../src/assets/sounds/en_43.mp3; sourceTree = "<group>"; };
		3E3736032764B6FF004801EE /* zh_timer_completed.mp3 */ = {isa = PBXFileReference; lastKnownFileType = audio.mp3; name = zh_timer_completed.mp3; path = ../../src/assets/sounds/zh_timer_completed.mp3; sourceTree = "<group>"; };
		3E3736042764B6FF004801EE /* zh_cycle_completed.mp3 */ = {isa = PBXFileReference; lastKnownFileType = audio.mp3; name = zh_cycle_completed.mp3; path = ../../src/assets/sounds/zh_cycle_completed.mp3; sourceTree = "<group>"; };
		3E3736052764B6FF004801EE /* en_three_two_one.mp3 */ = {isa = PBXFileReference; lastKnownFileType = audio.mp3; name = en_three_two_one.mp3; path = ../../src/assets/sounds/en_three_two_one.mp3; sourceTree = "<group>"; };
		3E3736062764B6FF004801EE /* en_sets_to_go.mp3 */ = {isa = PBXFileReference; lastKnownFileType = audio.mp3; name = en_sets_to_go.mp3; path = ../../src/assets/sounds/en_sets_to_go.mp3; sourceTree = "<group>"; };
		3E3736072764B6FF004801EE /* zh_34.mp3 */ = {isa = PBXFileReference; lastKnownFileType = audio.mp3; name = zh_34.mp3; path = ../../src/assets/sounds/zh_34.mp3; sourceTree = "<group>"; };
		3E3736082764B6FF004801EE /* en_30.mp3 */ = {isa = PBXFileReference; lastKnownFileType = audio.mp3; name = en_30.mp3; path = ../../src/assets/sounds/en_30.mp3; sourceTree = "<group>"; };
		3E3736092764B6FF004801EE /* en_32.mp3 */ = {isa = PBXFileReference; lastKnownFileType = audio.mp3; name = en_32.mp3; path = ../../src/assets/sounds/en_32.mp3; sourceTree = "<group>"; };
		3E37360A2764B6FF004801EE /* zh_timer_stopped.mp3 */ = {isa = PBXFileReference; lastKnownFileType = audio.mp3; name = zh_timer_stopped.mp3; path = ../../src/assets/sounds/zh_timer_stopped.mp3; sourceTree = "<group>"; };
		3E37360B2764B6FF004801EE /* zh_16.mp3 */ = {isa = PBXFileReference; lastKnownFileType = audio.mp3; name = zh_16.mp3; path = ../../src/assets/sounds/zh_16.mp3; sourceTree = "<group>"; };
		3E37360C2764B6FF004801EE /* zh_24.mp3 */ = {isa = PBXFileReference; lastKnownFileType = audio.mp3; name = zh_24.mp3; path = ../../src/assets/sounds/zh_24.mp3; sourceTree = "<group>"; };
		3E37360D2764B6FF004801EE /* zh_39.mp3 */ = {isa = PBXFileReference; lastKnownFileType = audio.mp3; name = zh_39.mp3; path = ../../src/assets/sounds/zh_39.mp3; sourceTree = "<group>"; };
		3E37360E2764B700004801EE /* en_21.mp3 */ = {isa = PBXFileReference; lastKnownFileType = audio.mp3; name = en_21.mp3; path = ../../src/assets/sounds/en_21.mp3; sourceTree = "<group>"; };
		3E37360F2764B700004801EE /* en_workout.mp3 */ = {isa = PBXFileReference; lastKnownFileType = audio.mp3; name = en_workout.mp3; path = ../../src/assets/sounds/en_workout.mp3; sourceTree = "<group>"; };
		3E3736102764B700004801EE /* zh_38.mp3 */ = {isa = PBXFileReference; lastKnownFileType = audio.mp3; name = zh_38.mp3; path = ../../src/assets/sounds/zh_38.mp3; sourceTree = "<group>"; };
		3E3736112764B700004801EE /* zh_49.mp3 */ = {isa = PBXFileReference; lastKnownFileType = audio.mp3; name = zh_49.mp3; path = ../../src/assets/sounds/zh_49.mp3; sourceTree = "<group>"; };
		3E3736122764B700004801EE /* zh_23.mp3 */ = {isa = PBXFileReference; lastKnownFileType = audio.mp3; name = zh_23.mp3; path = ../../src/assets/sounds/zh_23.mp3; sourceTree = "<group>"; };
		3E3736132764B700004801EE /* en_timer_completed.mp3 */ = {isa = PBXFileReference; lastKnownFileType = audio.mp3; name = en_timer_completed.mp3; path = ../../src/assets/sounds/en_timer_completed.mp3; sourceTree = "<group>"; };
		3E3736142764B700004801EE /* en_16.mp3 */ = {isa = PBXFileReference; lastKnownFileType = audio.mp3; name = en_16.mp3; path = ../../src/assets/sounds/en_16.mp3; sourceTree = "<group>"; };
		3E3736152764B700004801EE /* en_6.mp3 */ = {isa = PBXFileReference; lastKnownFileType = audio.mp3; name = en_6.mp3; path = ../../src/assets/sounds/en_6.mp3; sourceTree = "<group>"; };
		3E3736162764B700004801EE /* en_13.mp3 */ = {isa = PBXFileReference; lastKnownFileType = audio.mp3; name = en_13.mp3; path = ../../src/assets/sounds/en_13.mp3; sourceTree = "<group>"; };
		3E3736172764B700004801EE /* zh_29.mp3 */ = {isa = PBXFileReference; lastKnownFileType = audio.mp3; name = zh_29.mp3; path = ../../src/assets/sounds/zh_29.mp3; sourceTree = "<group>"; };
		3E3736182764B700004801EE /* zh_17.mp3 */ = {isa = PBXFileReference; lastKnownFileType = audio.mp3; name = zh_17.mp3; path = ../../src/assets/sounds/zh_17.mp3; sourceTree = "<group>"; };
		3E3736192764B700004801EE /* en_timer_paused.mp3 */ = {isa = PBXFileReference; lastKnownFileType = audio.mp3; name = en_timer_paused.mp3; path = ../../src/assets/sounds/en_timer_paused.mp3; sourceTree = "<group>"; };
		3E37361A2764B700004801EE /* en_35.mp3 */ = {isa = PBXFileReference; lastKnownFileType = audio.mp3; name = en_35.mp3; path = ../../src/assets/sounds/en_35.mp3; sourceTree = "<group>"; };
		3E37361B2764B700004801EE /* en_22.mp3 */ = {isa = PBXFileReference; lastKnownFileType = audio.mp3; name = en_22.mp3; path = ../../src/assets/sounds/en_22.mp3; sourceTree = "<group>"; };
		3E37361C2764B700004801EE /* en_49.mp3 */ = {isa = PBXFileReference; lastKnownFileType = audio.mp3; name = en_49.mp3; path = ../../src/assets/sounds/en_49.mp3; sourceTree = "<group>"; };
		3E37361D2764B700004801EE /* zh_22.mp3 */ = {isa = PBXFileReference; lastKnownFileType = audio.mp3; name = zh_22.mp3; path = ../../src/assets/sounds/zh_22.mp3; sourceTree = "<group>"; };
		3E37361E2764B700004801EE /* zh_15.mp3 */ = {isa = PBXFileReference; lastKnownFileType = audio.mp3; name = zh_15.mp3; path = ../../src/assets/sounds/zh_15.mp3; sourceTree = "<group>"; };
		3E37361F2764B700004801EE /* zh_1.mp3 */ = {isa = PBXFileReference; lastKnownFileType = audio.mp3; name = zh_1.mp3; path = ../../src/assets/sounds/zh_1.mp3; sourceTree = "<group>"; };
		3E3736202764B700004801EE /* zh_7.mp3 */ = {isa = PBXFileReference; lastKnownFileType = audio.mp3; name = zh_7.mp3; path = ../../src/assets/sounds/zh_7.mp3; sourceTree = "<group>"; };
		3E3736212764B700004801EE /* zh_30.mp3 */ = {isa = PBXFileReference; lastKnownFileType = audio.mp3; name = zh_30.mp3; path = ../../src/assets/sounds/zh_30.mp3; sourceTree = "<group>"; };
		3E3736222764B700004801EE /* en_7.mp3 */ = {isa = PBXFileReference; lastKnownFileType = audio.mp3; name = en_7.mp3; path = ../../src/assets/sounds/en_7.mp3; sourceTree = "<group>"; };
		3E3736232764B700004801EE /* en_14.mp3 */ = {isa = PBXFileReference; lastKnownFileType = audio.mp3; name = en_14.mp3; path = ../../src/assets/sounds/en_14.mp3; sourceTree = "<group>"; };
		3E3736242764B700004801EE /* en_37.mp3 */ = {isa = PBXFileReference; lastKnownFileType = audio.mp3; name = en_37.mp3; path = ../../src/assets/sounds/en_37.mp3; sourceTree = "<group>"; };
		3E3736252764B700004801EE /* zh_28.mp3 */ = {isa = PBXFileReference; lastKnownFileType = audio.mp3; name = zh_28.mp3; path = ../../src/assets/sounds/zh_28.mp3; sourceTree = "<group>"; };
		3E3736262764B700004801EE /* zh_2.mp3 */ = {isa = PBXFileReference; lastKnownFileType = audio.mp3; name = zh_2.mp3; path = ../../src/assets/sounds/zh_2.mp3; sourceTree = "<group>"; };
		3E3736272764B700004801EE /* zh_19.mp3 */ = {isa = PBXFileReference; lastKnownFileType = audio.mp3; name = zh_19.mp3; path = ../../src/assets/sounds/zh_19.mp3; sourceTree = "<group>"; };
		3E3736282764B700004801EE /* zh_40.mp3 */ = {isa = PBXFileReference; lastKnownFileType = audio.mp3; name = zh_40.mp3; path = ../../src/assets/sounds/zh_40.mp3; sourceTree = "<group>"; };
		3E3736292764B700004801EE /* zh_9.mp3 */ = {isa = PBXFileReference; lastKnownFileType = audio.mp3; name = zh_9.mp3; path = ../../src/assets/sounds/zh_9.mp3; sourceTree = "<group>"; };
		3E37362A2764B700004801EE /* en_rest.mp3 */ = {isa = PBXFileReference; lastKnownFileType = audio.mp3; name = en_rest.mp3; path = ../../src/assets/sounds/en_rest.mp3; sourceTree = "<group>"; };
		3E37362B2764B700004801EE /* en_2.mp3 */ = {isa = PBXFileReference; lastKnownFileType = audio.mp3; name = en_2.mp3; path = ../../src/assets/sounds/en_2.mp3; sourceTree = "<group>"; };
		3E37362C2764B700004801EE /* en_timer_stopped.mp3 */ = {isa = PBXFileReference; lastKnownFileType = audio.mp3; name = en_timer_stopped.mp3; path = ../../src/assets/sounds/en_timer_stopped.mp3; sourceTree = "<group>"; };
		3E37362D2764B700004801EE /* en_5.mp3 */ = {isa = PBXFileReference; lastKnownFileType = audio.mp3; name = en_5.mp3; path = ../../src/assets/sounds/en_5.mp3; sourceTree = "<group>"; };
		3E37362E2764B700004801EE /* en_28.mp3 */ = {isa = PBXFileReference; lastKnownFileType = audio.mp3; name = en_28.mp3; path = ../../src/assets/sounds/en_28.mp3; sourceTree = "<group>"; };
		3E37362F2764B700004801EE /* zh_6.mp3 */ = {isa = PBXFileReference; lastKnownFileType = audio.mp3; name = zh_6.mp3; path = ../../src/assets/sounds/zh_6.mp3; sourceTree = "<group>"; };
		3E3736302764B701004801EE /* en_34.mp3 */ = {isa = PBXFileReference; lastKnownFileType = audio.mp3; name = en_34.mp3; path = ../../src/assets/sounds/en_34.mp3; sourceTree = "<group>"; };
		3E3736312764B701004801EE /* zh_48.mp3 */ = {isa = PBXFileReference; lastKnownFileType = audio.mp3; name = zh_48.mp3; path = ../../src/assets/sounds/zh_48.mp3; sourceTree = "<group>"; };
		3E3736322764B701004801EE /* zh_36.mp3 */ = {isa = PBXFileReference; lastKnownFileType = audio.mp3; name = zh_36.mp3; path = ../../src/assets/sounds/zh_36.mp3; sourceTree = "<group>"; };
		3E3736332764B701004801EE /* zh_18.mp3 */ = {isa = PBXFileReference; lastKnownFileType = audio.mp3; name = zh_18.mp3; path = ../../src/assets/sounds/zh_18.mp3; sourceTree = "<group>"; };
		81AB9BB72411601600AC10FF /* LaunchScreen.storyboard */ = {isa = PBXFileReference; fileEncoding = 4; lastKnownFileType = file.storyboard; name = LaunchScreen.storyboard; path = AppleTimer/LaunchScreen.storyboard; sourceTree = "<group>"; };
		8CE8F60935CC7F1EA8FB7E0E /* libPods-AppleTimer.a */ = {isa = PBXFileReference; explicitFileType = archive.ar; includeInIndex = 0; path = "libPods-AppleTimer.a"; sourceTree = BUILT_PRODUCTS_DIR; };
		968A20F8BD0245E30FBD22A5 /* Pods-AppleTimer.release.xcconfig */ = {isa = PBXFileReference; includeInIndex = 1; lastKnownFileType = text.xcconfig; name = "Pods-AppleTimer.release.xcconfig"; path = "Target Support Files/Pods-AppleTimer/Pods-AppleTimer.release.xcconfig"; sourceTree = "<group>"; };
		A8A496B83138A0046DC1D49A /* Pods-AppleTimer-AppleTimerTests.release.xcconfig */ = {isa = PBXFileReference; includeInIndex = 1; lastKnownFileType = text.xcconfig; name = "Pods-AppleTimer-AppleTimerTests.release.xcconfig"; path = "Target Support Files/Pods-AppleTimer-AppleTimerTests/Pods-AppleTimer-AppleTimerTests.release.xcconfig"; sourceTree = "<group>"; };
		ED297162215061F000B7C4FE /* JavaScriptCore.framework */ = {isa = PBXFileReference; lastKnownFileType = wrapper.framework; name = JavaScriptCore.framework; path = System/Library/Frameworks/JavaScriptCore.framework; sourceTree = SDKROOT; };
		ED2971642150620600B7C4FE /* JavaScriptCore.framework */ = {isa = PBXFileReference; lastKnownFileType = wrapper.framework; name = JavaScriptCore.framework; path = Platforms/AppleTVOS.platform/Developer/SDKs/AppleTVOS12.0.sdk/System/Library/Frameworks/JavaScriptCore.framework; sourceTree = DEVELOPER_DIR; };
/* End PBXFileReference section */

/* Begin PBXFrameworksBuildPhase section */
		00E356EB1AD99517003FC87E /* Frameworks */ = {
			isa = PBXFrameworksBuildPhase;
			buildActionMask = 2147483647;
			files = (
				0856240ADF3E03DC38DD31AD /* libPods-AppleTimer-AppleTimerTests.a in Frameworks */,
			);
			runOnlyForDeploymentPostprocessing = 0;
		};
		13B07F8C1A680F5B00A75B9A /* Frameworks */ = {
			isa = PBXFrameworksBuildPhase;
			buildActionMask = 2147483647;
			files = (
				833F2006FE004CFBA319C9F2 /* libPods-AppleTimer.a in Frameworks */,
			);
			runOnlyForDeploymentPostprocessing = 0;
		};
		2D02E4781E0B4A5D006451C7 /* Frameworks */ = {
			isa = PBXFrameworksBuildPhase;
			buildActionMask = 2147483647;
			files = (
			);
			runOnlyForDeploymentPostprocessing = 0;
		};
		2D02E48D1E0B4A5D006451C7 /* Frameworks */ = {
			isa = PBXFrameworksBuildPhase;
			buildActionMask = 2147483647;
			files = (
			);
			runOnlyForDeploymentPostprocessing = 0;
		};
/* End PBXFrameworksBuildPhase section */

/* Begin PBXGroup section */
		00E356EF1AD99517003FC87E /* AppleTimerTests */ = {
			isa = PBXGroup;
			children = (
				00E356F21AD99517003FC87E /* AppleTimerTests.m */,
				00E356F01AD99517003FC87E /* Supporting Files */,
			);
			path = AppleTimerTests;
			sourceTree = "<group>";
		};
		00E356F01AD99517003FC87E /* Supporting Files */ = {
			isa = PBXGroup;
			children = (
				00E356F11AD99517003FC87E /* Info.plist */,
			);
			name = "Supporting Files";
			sourceTree = "<group>";
		};
		13B07FAE1A68108700A75B9A /* AppleTimer */ = {
			isa = PBXGroup;
			children = (
				008F07F21AC5B25A0029DE68 /* main.jsbundle */,
				13B07FAF1A68108700A75B9A /* AppDelegate.h */,
				13B07FB01A68108700A75B9A /* AppDelegate.m */,
				13B07FB51A68108700A75B9A /* Images.xcassets */,
				13B07FB61A68108700A75B9A /* Info.plist */,
				81AB9BB72411601600AC10FF /* LaunchScreen.storyboard */,
				13B07FB71A68108700A75B9A /* main.m */,
			);
			name = AppleTimer;
			sourceTree = "<group>";
		};
		18A06528071B6FFBBA9372E2 /* Pods */ = {
			isa = PBXGroup;
			children = (
				10ACE8560183868AA4F826E4 /* Pods-AppleTimer.debug.xcconfig */,
				968A20F8BD0245E30FBD22A5 /* Pods-AppleTimer.release.xcconfig */,
				2F9E780CE724C60CB827C553 /* Pods-AppleTimer-AppleTimerTests.debug.xcconfig */,
				A8A496B83138A0046DC1D49A /* Pods-AppleTimer-AppleTimerTests.release.xcconfig */,
			);
			path = Pods;
			sourceTree = "<group>";
		};
		2D16E6871FA4F8E400B85C8A /* Frameworks */ = {
			isa = PBXGroup;
			children = (
				ED297162215061F000B7C4FE /* JavaScriptCore.framework */,
				ED2971642150620600B7C4FE /* JavaScriptCore.framework */,
				8CE8F60935CC7F1EA8FB7E0E /* libPods-AppleTimer.a */,
				03E79971A8B6DB1E18DD433F /* libPods-AppleTimer-AppleTimerTests.a */,
			);
			name = Frameworks;
			sourceTree = "<group>";
		};
		3E75D37C266A632100E3B1E3 /* Resources */ = {
			isa = PBXGroup;
			children = (
				3E3735CD2764B6FD004801EE /* en_1.mp3 */,
				3E37362B2764B700004801EE /* en_2.mp3 */,
				3E3735EA2764B6FE004801EE /* en_3.mp3 */,
				3E3735D52764B6FE004801EE /* en_4.mp3 */,
				3E37362D2764B700004801EE /* en_5.mp3 */,
				3E3736152764B700004801EE /* en_6.mp3 */,
				3E3736222764B700004801EE /* en_7.mp3 */,
				3E3735D02764B6FE004801EE /* en_8.mp3 */,
				3E3735FD2764B6FF004801EE /* en_9.mp3 */,
				3E3735C22764B6FD004801EE /* en_10.mp3 */,
				3E3735DB2764B6FE004801EE /* en_11.mp3 */,
				3E3735BE2764B6FD004801EE /* en_12.mp3 */,
				3E3736162764B700004801EE /* en_13.mp3 */,
				3E3736232764B700004801EE /* en_14.mp3 */,
				3E3735EC2764B6FE004801EE /* en_15.mp3 */,
				3E3736142764B700004801EE /* en_16.mp3 */,
				3E3735D32764B6FE004801EE /* en_17.mp3 */,
				3E3735E72764B6FE004801EE /* en_18.mp3 */,
				3E3735F92764B6FF004801EE /* en_19.mp3 */,
				3E3735C42764B6FD004801EE /* en_20.mp3 */,
				3E37360E2764B700004801EE /* en_21.mp3 */,
				3E37361B2764B700004801EE /* en_22.mp3 */,
				3E3735C82764B6FD004801EE /* en_23.mp3 */,
				3E3735C72764B6FD004801EE /* en_24.mp3 */,
				3E3735CA2764B6FD004801EE /* en_25.mp3 */,
				3E3735D42764B6FE004801EE /* en_26.mp3 */,
				3E3735E52764B6FE004801EE /* en_27.mp3 */,
				3E37362E2764B700004801EE /* en_28.mp3 */,
				3E3735F42764B6FF004801EE /* en_29.mp3 */,
				3E3736082764B6FF004801EE /* en_30.mp3 */,
				3E3735EE2764B6FF004801EE /* en_31.mp3 */,
				3E3736092764B6FF004801EE /* en_32.mp3 */,
				3E3735DF2764B6FE004801EE /* en_33.mp3 */,
				3E3736302764B701004801EE /* en_34.mp3 */,
				3E37361A2764B700004801EE /* en_35.mp3 */,
				3E3735CC2764B6FD004801EE /* en_36.mp3 */,
				3E3736242764B700004801EE /* en_37.mp3 */,
				3E3735ED2764B6FE004801EE /* en_38.mp3 */,
				3E3735F72764B6FF004801EE /* en_39.mp3 */,
				3E3735CE2764B6FD004801EE /* en_40.mp3 */,
				3E3736002764B6FF004801EE /* en_41.mp3 */,
				3E3735CF2764B6FE004801EE /* en_42.mp3 */,
				3E3736022764B6FF004801EE /* en_43.mp3 */,
				3E3735F32764B6FF004801EE /* en_44.mp3 */,
				3E3735C62764B6FD004801EE /* en_45.mp3 */,
				3E3735EF2764B6FF004801EE /* en_46.mp3 */,
				3E3735F82764B6FF004801EE /* en_47.mp3 */,
				3E3735C02764B6FD004801EE /* en_48.mp3 */,
				3E37361C2764B700004801EE /* en_49.mp3 */,
				3E3735E02764B6FE004801EE /* en_50.mp3 */,
				3E3735FE2764B6FF004801EE /* en_cycle_completed.mp3 */,
				3E37362A2764B700004801EE /* en_rest.mp3 */,
				3E3736062764B6FF004801EE /* en_sets_to_go.mp3 */,
				3E3736052764B6FF004801EE /* en_three_two_one.mp3 */,
				3E3736132764B700004801EE /* en_timer_completed.mp3 */,
				3E3736192764B700004801EE /* en_timer_paused.mp3 */,
				3E3735F62764B6FF004801EE /* en_timer_resumed.mp3 */,
				3E37362C2764B700004801EE /* en_timer_stopped.mp3 */,
				3E37360F2764B700004801EE /* en_workout.mp3 */,
				3E37361F2764B700004801EE /* zh_1.mp3 */,
				3E3736262764B700004801EE /* zh_2.mp3 */,
				3E3735E82764B6FE004801EE /* zh_3.mp3 */,
				3E3735DE2764B6FE004801EE /* zh_4.mp3 */,
				3E3735E12764B6FE004801EE /* zh_5.mp3 */,
				3E37362F2764B700004801EE /* zh_6.mp3 */,
				3E3736202764B700004801EE /* zh_7.mp3 */,
				3E3735EB2764B6FE004801EE /* zh_8.mp3 */,
				3E3736292764B700004801EE /* zh_9.mp3 */,
				3E3735D22764B6FE004801EE /* zh_10.mp3 */,
				3E3735F12764B6FF004801EE /* zh_11.mp3 */,
				3E3735E42764B6FE004801EE /* zh_12.mp3 */,
				3E3735FC2764B6FF004801EE /* zh_13.mp3 */,
				3E3735E32764B6FE004801EE /* zh_14.mp3 */,
				3E37361E2764B700004801EE /* zh_15.mp3 */,
				3E37360B2764B6FF004801EE /* zh_16.mp3 */,
				3E3736182764B700004801EE /* zh_17.mp3 */,
				3E3736332764B701004801EE /* zh_18.mp3 */,
				3E3736272764B700004801EE /* zh_19.mp3 */,
				3E3735E92764B6FE004801EE /* zh_20.mp3 */,
				3E3735E22764B6FE004801EE /* zh_21.mp3 */,
				3E37361D2764B700004801EE /* zh_22.mp3 */,
				3E3736122764B700004801EE /* zh_23.mp3 */,
				3E37360C2764B6FF004801EE /* zh_24.mp3 */,
				3E3735DD2764B6FE004801EE /* zh_25.mp3 */,
				3E3735FA2764B6FF004801EE /* zh_26.mp3 */,
				3E3735FF2764B6FF004801EE /* zh_27.mp3 */,
				3E3736252764B700004801EE /* zh_28.mp3 */,
				3E3736172764B700004801EE /* zh_29.mp3 */,
				3E3736212764B700004801EE /* zh_30.mp3 */,
				3E3735C92764B6FD004801EE /* zh_31.mp3 */,
				3E3735DA2764B6FE004801EE /* zh_32.mp3 */,
				3E3735BF2764B6FD004801EE /* zh_33.mp3 */,
				3E3736072764B6FF004801EE /* zh_34.mp3 */,
				3E3735FB2764B6FF004801EE /* zh_35.mp3 */,
				3E3736322764B701004801EE /* zh_36.mp3 */,
				3E3735D72764B6FE004801EE /* zh_37.mp3 */,
				3E3736102764B700004801EE /* zh_38.mp3 */,
				3E37360D2764B6FF004801EE /* zh_39.mp3 */,
				3E3736282764B700004801EE /* zh_40.mp3 */,
				3E3735C12764B6FD004801EE /* zh_41.mp3 */,
				3E3735D82764B6FE004801EE /* zh_42.mp3 */,
				3E3735CB2764B6FD004801EE /* zh_43.mp3 */,
				3E3735F02764B6FF004801EE /* zh_44.mp3 */,
				3E3735C52764B6FD004801EE /* zh_45.mp3 */,
				3E3735D62764B6FE004801EE /* zh_46.mp3 */,
				3E3735DC2764B6FE004801EE /* zh_47.mp3 */,
				3E3736312764B701004801EE /* zh_48.mp3 */,
				3E3736112764B700004801EE /* zh_49.mp3 */,
				3E3735D12764B6FE004801EE /* zh_50.mp3 */,
				3E3736042764B6FF004801EE /* zh_cycle_completed.mp3 */,
				3E3736012764B6FF004801EE /* zh_rest.mp3 */,
				3E3735C32764B6FD004801EE /* zh_sets_to_go.mp3 */,
				3E3735E62764B6FE004801EE /* zh_three_two_one.mp3 */,
				3E3736032764B6FF004801EE /* zh_timer_completed.mp3 */,
				3E3735D92764B6FE004801EE /* zh_timer_paused.mp3 */,
				3E3735F22764B6FF004801EE /* zh_timer_resumed.mp3 */,
				3E37360A2764B6FF004801EE /* zh_timer_stopped.mp3 */,
				3E3735F52764B6FF004801EE /* zh_workout.mp3 */,
			);
			path = Resources;
			sourceTree = "<group>";
		};
		832341AE1AAA6A7D00B99B32 /* Libraries */ = {
			isa = PBXGroup;
			children = (
			);
			name = Libraries;
			sourceTree = "<group>";
		};
		83CBB9F61A601CBA00E9B192 = {
			isa = PBXGroup;
			children = (
				13B07FAE1A68108700A75B9A /* AppleTimer */,
				832341AE1AAA6A7D00B99B32 /* Libraries */,
				00E356EF1AD99517003FC87E /* AppleTimerTests */,
				83CBBA001A601CBA00E9B192 /* Products */,
				2D16E6871FA4F8E400B85C8A /* Frameworks */,
				18A06528071B6FFBBA9372E2 /* Pods */,
				3E75D37C266A632100E3B1E3 /* Resources */,
			);
			indentWidth = 2;
			sourceTree = "<group>";
			tabWidth = 2;
			usesTabs = 0;
		};
		83CBBA001A601CBA00E9B192 /* Products */ = {
			isa = PBXGroup;
			children = (
				13B07F961A680F5B00A75B9A /* AppleTimer.app */,
				00E356EE1AD99517003FC87E /* AppleTimerTests.xctest */,
				2D02E47B1E0B4A5D006451C7 /* AppleTimer-tvOS.app */,
				2D02E4901E0B4A5D006451C7 /* AppleTimer-tvOSTests.xctest */,
			);
			name = Products;
			sourceTree = "<group>";
		};
/* End PBXGroup section */

/* Begin PBXNativeTarget section */
		00E356ED1AD99517003FC87E /* AppleTimerTests */ = {
			isa = PBXNativeTarget;
			buildConfigurationList = 00E357021AD99517003FC87E /* Build configuration list for PBXNativeTarget "AppleTimerTests" */;
			buildPhases = (
				AD5C4E7E5F3A47C5E4DBBCF0 /* [CP] Check Pods Manifest.lock */,
				00E356EA1AD99517003FC87E /* Sources */,
				00E356EB1AD99517003FC87E /* Frameworks */,
				00E356EC1AD99517003FC87E /* Resources */,
				F372D2FA8123F2010D7AC16D /* [CP] Copy Pods Resources */,
				7BB9084BA41A8AF7702CE057 /* [CP] Embed Pods Frameworks */,
			);
			buildRules = (
			);
			dependencies = (
				00E356F51AD99517003FC87E /* PBXTargetDependency */,
			);
			name = AppleTimerTests;
			productName = AppleTimerTests;
			productReference = 00E356EE1AD99517003FC87E /* AppleTimerTests.xctest */;
			productType = "com.apple.product-type.bundle.unit-test";
		};
		13B07F861A680F5B00A75B9A /* AppleTimer */ = {
			isa = PBXNativeTarget;
			buildConfigurationList = 13B07F931A680F5B00A75B9A /* Build configuration list for PBXNativeTarget "AppleTimer" */;
			buildPhases = (
				4EC448C7DE7012241E76E38D /* [CP] Check Pods Manifest.lock */,
				FD10A7F022414F080027D42C /* Start Packager */,
				13B07F871A680F5B00A75B9A /* Sources */,
				13B07F8C1A680F5B00A75B9A /* Frameworks */,
				13B07F8E1A680F5B00A75B9A /* Resources */,
				00DD1BFF1BD5951E006B06BC /* Bundle React Native code and images */,
				4154A44C19B9C3D1A50BAB06 /* [CP] Copy Pods Resources */,
				05F85629541516737FF642BC /* [CP] Embed Pods Frameworks */,
			);
			buildRules = (
			);
			dependencies = (
			);
			name = AppleTimer;
			productName = AppleTimer;
			productReference = 13B07F961A680F5B00A75B9A /* AppleTimer.app */;
			productType = "com.apple.product-type.application";
		};
		2D02E47A1E0B4A5D006451C7 /* AppleTimer-tvOS */ = {
			isa = PBXNativeTarget;
			buildConfigurationList = 2D02E4BA1E0B4A5E006451C7 /* Build configuration list for PBXNativeTarget "AppleTimer-tvOS" */;
			buildPhases = (
				FD10A7F122414F3F0027D42C /* Start Packager */,
				2D02E4771E0B4A5D006451C7 /* Sources */,
				2D02E4781E0B4A5D006451C7 /* Frameworks */,
				2D02E4791E0B4A5D006451C7 /* Resources */,
				2D02E4CB1E0B4B27006451C7 /* Bundle React Native Code And Images */,
			);
			buildRules = (
			);
			dependencies = (
			);
			name = "AppleTimer-tvOS";
			productName = "AppleTimer-tvOS";
			productReference = 2D02E47B1E0B4A5D006451C7 /* AppleTimer-tvOS.app */;
			productType = "com.apple.product-type.application";
		};
		2D02E48F1E0B4A5D006451C7 /* AppleTimer-tvOSTests */ = {
			isa = PBXNativeTarget;
			buildConfigurationList = 2D02E4BB1E0B4A5E006451C7 /* Build configuration list for PBXNativeTarget "AppleTimer-tvOSTests" */;
			buildPhases = (
				2D02E48C1E0B4A5D006451C7 /* Sources */,
				2D02E48D1E0B4A5D006451C7 /* Frameworks */,
				2D02E48E1E0B4A5D006451C7 /* Resources */,
			);
			buildRules = (
			);
			dependencies = (
				2D02E4921E0B4A5D006451C7 /* PBXTargetDependency */,
			);
			name = "AppleTimer-tvOSTests";
			productName = "AppleTimer-tvOSTests";
			productReference = 2D02E4901E0B4A5D006451C7 /* AppleTimer-tvOSTests.xctest */;
			productType = "com.apple.product-type.bundle.unit-test";
		};
/* End PBXNativeTarget section */

/* Begin PBXProject section */
		83CBB9F71A601CBA00E9B192 /* Project object */ = {
			isa = PBXProject;
			attributes = {
				LastUpgradeCheck = 1130;
				TargetAttributes = {
					00E356ED1AD99517003FC87E = {
						CreatedOnToolsVersion = 6.2;
						TestTargetID = 13B07F861A680F5B00A75B9A;
					};
					13B07F861A680F5B00A75B9A = {
						DevelopmentTeam = HT46YHXY6P;
						LastSwiftMigration = 1120;
					};
					2D02E47A1E0B4A5D006451C7 = {
						CreatedOnToolsVersion = 8.2.1;
						ProvisioningStyle = Automatic;
					};
					2D02E48F1E0B4A5D006451C7 = {
						CreatedOnToolsVersion = 8.2.1;
						ProvisioningStyle = Automatic;
						TestTargetID = 2D02E47A1E0B4A5D006451C7;
					};
				};
			};
			buildConfigurationList = 83CBB9FA1A601CBA00E9B192 /* Build configuration list for PBXProject "AppleTimer" */;
			compatibilityVersion = "Xcode 3.2";
			developmentRegion = en;
			hasScannedForEncodings = 0;
			knownRegions = (
				en,
				Base,
			);
			mainGroup = 83CBB9F61A601CBA00E9B192;
			productRefGroup = 83CBBA001A601CBA00E9B192 /* Products */;
			projectDirPath = "";
			projectRoot = "";
			targets = (
				13B07F861A680F5B00A75B9A /* AppleTimer */,
				00E356ED1AD99517003FC87E /* AppleTimerTests */,
				2D02E47A1E0B4A5D006451C7 /* AppleTimer-tvOS */,
				2D02E48F1E0B4A5D006451C7 /* AppleTimer-tvOSTests */,
			);
		};
/* End PBXProject section */

/* Begin PBXResourcesBuildPhase section */
		00E356EC1AD99517003FC87E /* Resources */ = {
			isa = PBXResourcesBuildPhase;
			buildActionMask = 2147483647;
			files = (
			);
			runOnlyForDeploymentPostprocessing = 0;
		};
		13B07F8E1A680F5B00A75B9A /* Resources */ = {
			isa = PBXResourcesBuildPhase;
			buildActionMask = 2147483647;
			files = (
				3E3736722764B701004801EE /* zh_13.mp3 in Resources */,
				3E37363C2764B701004801EE /* en_45.mp3 in Resources */,
				3E37367B2764B701004801EE /* en_three_two_one.mp3 in Resources */,
				3E37365C2764B701004801EE /* zh_three_two_one.mp3 in Resources */,
				3E3736662764B701004801EE /* zh_44.mp3 in Resources */,
				3E3736682764B701004801EE /* zh_timer_resumed.mp3 in Resources */,
				3E37364A2764B701004801EE /* en_26.mp3 in Resources */,
				3E37366D2764B701004801EE /* en_39.mp3 in Resources */,
				3E37363E2764B701004801EE /* en_23.mp3 in Resources */,
				3E3736A52764B701004801EE /* zh_6.mp3 in Resources */,
				3E37366E2764B701004801EE /* en_47.mp3 in Resources */,
				81AB9BB82411601600AC10FF /* LaunchScreen.storyboard in Resources */,
				3E37367E2764B701004801EE /* en_30.mp3 in Resources */,
				3E37363B2764B701004801EE /* zh_45.mp3 in Resources */,
				3E3736972764B701004801EE /* zh_30.mp3 in Resources */,
				3E3736852764B701004801EE /* en_workout.mp3 in Resources */,
				3E3736442764B701004801EE /* en_40.mp3 in Resources */,
				3E37363F2764B701004801EE /* zh_31.mp3 in Resources */,
				3E3736A32764B701004801EE /* en_5.mp3 in Resources */,
				3E3736882764B701004801EE /* zh_23.mp3 in Resources */,
				3E3736582764B701004801EE /* zh_21.mp3 in Resources */,
				3E3736372764B701004801EE /* zh_41.mp3 in Resources */,
				3E3736A22764B701004801EE /* en_timer_stopped.mp3 in Resources */,
				3E3736A62764B701004801EE /* en_34.mp3 in Resources */,
				3E3736382764B701004801EE /* en_10.mp3 in Resources */,
				3E3736A92764B701004801EE /* zh_18.mp3 in Resources */,
				3E3736772764B701004801EE /* zh_rest.mp3 in Resources */,
				3E3736652764B701004801EE /* en_46.mp3 in Resources */,
				3E3736702764B701004801EE /* zh_26.mp3 in Resources */,
				3E3736902764B701004801EE /* en_35.mp3 in Resources */,
				3E37365E2764B701004801EE /* zh_3.mp3 in Resources */,
				13B07FBF1A68108700A75B9A /* Images.xcassets in Resources */,
				3E3736522764B701004801EE /* zh_47.mp3 in Resources */,
				3E3736752764B701004801EE /* zh_27.mp3 in Resources */,
				3E3736422764B701004801EE /* en_36.mp3 in Resources */,
				3E3736912764B701004801EE /* en_22.mp3 in Resources */,
				3E37367F2764B701004801EE /* en_32.mp3 in Resources */,
				3E3736592764B701004801EE /* zh_14.mp3 in Resources */,
				3E3736402764B701004801EE /* en_25.mp3 in Resources */,
				3E37367C2764B701004801EE /* en_sets_to_go.mp3 in Resources */,
				3E37364F2764B701004801EE /* zh_timer_paused.mp3 in Resources */,
				3E3736802764B701004801EE /* zh_timer_stopped.mp3 in Resources */,
				3E3736472764B701004801EE /* zh_50.mp3 in Resources */,
				3E3736362764B701004801EE /* en_48.mp3 in Resources */,
				3E37366A2764B701004801EE /* en_29.mp3 in Resources */,
				3E3736762764B701004801EE /* en_41.mp3 in Resources */,
				3E3736962764B701004801EE /* zh_7.mp3 in Resources */,
				3E3736A12764B701004801EE /* en_2.mp3 in Resources */,
				3E3736502764B701004801EE /* zh_32.mp3 in Resources */,
				3E37364D2764B701004801EE /* zh_37.mp3 in Resources */,
				3E3736842764B701004801EE /* en_21.mp3 in Resources */,
				3E3736862764B701004801EE /* zh_38.mp3 in Resources */,
				3E3736432764B701004801EE /* en_1.mp3 in Resources */,
				3E37368E2764B701004801EE /* zh_17.mp3 in Resources */,
				3E37368D2764B701004801EE /* zh_29.mp3 in Resources */,
				3E3736A02764B701004801EE /* en_rest.mp3 in Resources */,
				3E3736642764B701004801EE /* en_31.mp3 in Resources */,
				3E3736482764B701004801EE /* zh_10.mp3 in Resources */,
				3E37363A2764B701004801EE /* en_20.mp3 in Resources */,
				3E37366B2764B701004801EE /* zh_workout.mp3 in Resources */,
				3E3736352764B701004801EE /* zh_33.mp3 in Resources */,
				3E37369C2764B701004801EE /* zh_2.mp3 in Resources */,
				3E3736992764B701004801EE /* en_14.mp3 in Resources */,
				3E3736942764B701004801EE /* zh_15.mp3 in Resources */,
				3E37364B2764B701004801EE /* en_4.mp3 in Resources */,
				3E37368C2764B701004801EE /* en_13.mp3 in Resources */,
				3E37365D2764B701004801EE /* en_18.mp3 in Resources */,
				3E3736952764B701004801EE /* zh_1.mp3 in Resources */,
				3E3736552764B701004801EE /* en_33.mp3 in Resources */,
				3E3736932764B701004801EE /* zh_22.mp3 in Resources */,
				3E37368A2764B701004801EE /* en_16.mp3 in Resources */,
				3E37368F2764B701004801EE /* en_timer_paused.mp3 in Resources */,
				3E3736982764B701004801EE /* en_7.mp3 in Resources */,
				3E3736892764B701004801EE /* en_timer_completed.mp3 in Resources */,
				3E3736492764B701004801EE /* en_17.mp3 in Resources */,
				3E3736392764B701004801EE /* zh_sets_to_go.mp3 in Resources */,
				3E3736732764B701004801EE /* en_9.mp3 in Resources */,
				3E37368B2764B701004801EE /* en_6.mp3 in Resources */,
				3E3736872764B701004801EE /* zh_49.mp3 in Resources */,
				3E3736742764B701004801EE /* en_cycle_completed.mp3 in Resources */,
				3E37369B2764B701004801EE /* zh_28.mp3 in Resources */,
				3E3736A82764B701004801EE /* zh_36.mp3 in Resources */,
				3E3736A72764B701004801EE /* zh_48.mp3 in Resources */,
				3E37367A2764B701004801EE /* zh_cycle_completed.mp3 in Resources */,
				3E3736822764B701004801EE /* zh_24.mp3 in Resources */,
				3E37369F2764B701004801EE /* zh_9.mp3 in Resources */,
				3E37369A2764B701004801EE /* en_37.mp3 in Resources */,
				3E3736A42764B701004801EE /* en_28.mp3 in Resources */,
				3E37366F2764B701004801EE /* en_19.mp3 in Resources */,
				3E3736342764B701004801EE /* en_12.mp3 in Resources */,
				3E3736632764B701004801EE /* en_38.mp3 in Resources */,
				3E3736462764B701004801EE /* en_8.mp3 in Resources */,
				3E3736532764B701004801EE /* zh_25.mp3 in Resources */,
				3E3736832764B701004801EE /* zh_39.mp3 in Resources */,
				3E37363D2764B701004801EE /* en_24.mp3 in Resources */,
				3E3736512764B701004801EE /* en_11.mp3 in Resources */,
				3E3736562764B701004801EE /* en_50.mp3 in Resources */,
				3E3736712764B701004801EE /* zh_35.mp3 in Resources */,
				3E37364E2764B701004801EE /* zh_42.mp3 in Resources */,
				3E37365F2764B701004801EE /* zh_20.mp3 in Resources */,
				3E3736542764B701004801EE /* zh_4.mp3 in Resources */,
				3E3736412764B701004801EE /* zh_43.mp3 in Resources */,
				3E37366C2764B701004801EE /* en_timer_resumed.mp3 in Resources */,
				3E37367D2764B701004801EE /* zh_34.mp3 in Resources */,
				3E37364C2764B701004801EE /* zh_46.mp3 in Resources */,
				3E37365B2764B701004801EE /* en_27.mp3 in Resources */,
				3E37369E2764B701004801EE /* zh_40.mp3 in Resources */,
				3E3736622764B701004801EE /* en_15.mp3 in Resources */,
				3E3736782764B701004801EE /* en_43.mp3 in Resources */,
				3E3736692764B701004801EE /* en_44.mp3 in Resources */,
				3E3736602764B701004801EE /* en_3.mp3 in Resources */,
				3E3736792764B701004801EE /* zh_timer_completed.mp3 in Resources */,
				3E37365A2764B701004801EE /* zh_12.mp3 in Resources */,
				3E3736572764B701004801EE /* zh_5.mp3 in Resources */,
				3E3736452764B701004801EE /* en_42.mp3 in Resources */,
				3E3736672764B701004801EE /* zh_11.mp3 in Resources */,
				3E3736612764B701004801EE /* zh_8.mp3 in Resources */,
				3E3736812764B701004801EE /* zh_16.mp3 in Resources */,
				3E37369D2764B701004801EE /* zh_19.mp3 in Resources */,
				3E3736922764B701004801EE /* en_49.mp3 in Resources */,
			);
			runOnlyForDeploymentPostprocessing = 0;
		};
		2D02E4791E0B4A5D006451C7 /* Resources */ = {
			isa = PBXResourcesBuildPhase;
			buildActionMask = 2147483647;
			files = (
				2D02E4BD1E0B4A84006451C7 /* Images.xcassets in Resources */,
			);
			runOnlyForDeploymentPostprocessing = 0;
		};
		2D02E48E1E0B4A5D006451C7 /* Resources */ = {
			isa = PBXResourcesBuildPhase;
			buildActionMask = 2147483647;
			files = (
			);
			runOnlyForDeploymentPostprocessing = 0;
		};
/* End PBXResourcesBuildPhase section */

/* Begin PBXShellScriptBuildPhase section */
		00DD1BFF1BD5951E006B06BC /* Bundle React Native code and images */ = {
			isa = PBXShellScriptBuildPhase;
			buildActionMask = 2147483647;
			files = (
			);
			inputPaths = (
			);
			name = "Bundle React Native code and images";
			outputPaths = (
			);
			runOnlyForDeploymentPostprocessing = 0;
			shellPath = /bin/sh;
			shellScript = "export NODE_BINARY=node\n../node_modules/react-native/scripts/react-native-xcode.sh";
		};
		05F85629541516737FF642BC /* [CP] Embed Pods Frameworks */ = {
			isa = PBXShellScriptBuildPhase;
			buildActionMask = 2147483647;
			files = (
			);
			inputPaths = (
				"${PODS_ROOT}/Target Support Files/Pods-AppleTimer/Pods-AppleTimer-frameworks.sh",
				"${PODS_XCFRAMEWORKS_BUILD_DIR}/OpenSSL-Universal/OpenSSL.framework/OpenSSL",
			);
			name = "[CP] Embed Pods Frameworks";
			outputPaths = (
				"${TARGET_BUILD_DIR}/${FRAMEWORKS_FOLDER_PATH}/OpenSSL.framework",
			);
			runOnlyForDeploymentPostprocessing = 0;
			shellPath = /bin/sh;
			shellScript = "\"${PODS_ROOT}/Target Support Files/Pods-AppleTimer/Pods-AppleTimer-frameworks.sh\"\n";
			showEnvVarsInLog = 0;
		};
		2D02E4CB1E0B4B27006451C7 /* Bundle React Native Code And Images */ = {
			isa = PBXShellScriptBuildPhase;
			buildActionMask = 2147483647;
			files = (
			);
			inputPaths = (
			);
			name = "Bundle React Native Code And Images";
			outputPaths = (
			);
			runOnlyForDeploymentPostprocessing = 0;
			shellPath = /bin/sh;
			shellScript = "export NODE_BINARY=node\n../node_modules/react-native/scripts/react-native-xcode.sh";
		};
		4154A44C19B9C3D1A50BAB06 /* [CP] Copy Pods Resources */ = {
			isa = PBXShellScriptBuildPhase;
			buildActionMask = 2147483647;
			files = (
			);
			inputPaths = (
				"${PODS_ROOT}/Target Support Files/Pods-AppleTimer/Pods-AppleTimer-resources.sh",
				"${PODS_CONFIGURATION_BUILD_DIR}/React-Core/AccessibilityResources.bundle",
			);
			name = "[CP] Copy Pods Resources";
			outputPaths = (
				"${TARGET_BUILD_DIR}/${UNLOCALIZED_RESOURCES_FOLDER_PATH}/AccessibilityResources.bundle",
			);
			runOnlyForDeploymentPostprocessing = 0;
			shellPath = /bin/sh;
			shellScript = "\"${PODS_ROOT}/Target Support Files/Pods-AppleTimer/Pods-AppleTimer-resources.sh\"\n";
			showEnvVarsInLog = 0;
		};
		4EC448C7DE7012241E76E38D /* [CP] Check Pods Manifest.lock */ = {
			isa = PBXShellScriptBuildPhase;
			buildActionMask = 2147483647;
			files = (
			);
			inputFileListPaths = (
			);
			inputPaths = (
				"${PODS_PODFILE_DIR_PATH}/Podfile.lock",
				"${PODS_ROOT}/Manifest.lock",
			);
			name = "[CP] Check Pods Manifest.lock";
			outputFileListPaths = (
			);
			outputPaths = (
				"$(DERIVED_FILE_DIR)/Pods-AppleTimer-checkManifestLockResult.txt",
			);
			runOnlyForDeploymentPostprocessing = 0;
			shellPath = /bin/sh;
			shellScript = "diff \"${PODS_PODFILE_DIR_PATH}/Podfile.lock\" \"${PODS_ROOT}/Manifest.lock\" > /dev/null\nif [ $? != 0 ] ; then\n    # print error to STDERR\n    echo \"error: The sandbox is not in sync with the Podfile.lock. Run 'pod install' or update your CocoaPods installation.\" >&2\n    exit 1\nfi\n# This output is used by Xcode 'outputs' to avoid re-running this script phase.\necho \"SUCCESS\" > \"${SCRIPT_OUTPUT_FILE_0}\"\n";
			showEnvVarsInLog = 0;
		};
		7BB9084BA41A8AF7702CE057 /* [CP] Embed Pods Frameworks */ = {
			isa = PBXShellScriptBuildPhase;
			buildActionMask = 2147483647;
			files = (
			);
			inputPaths = (
				"${PODS_ROOT}/Target Support Files/Pods-AppleTimer-AppleTimerTests/Pods-AppleTimer-AppleTimerTests-frameworks.sh",
				"${PODS_XCFRAMEWORKS_BUILD_DIR}/OpenSSL-Universal/OpenSSL.framework/OpenSSL",
			);
			name = "[CP] Embed Pods Frameworks";
			outputPaths = (
				"${TARGET_BUILD_DIR}/${FRAMEWORKS_FOLDER_PATH}/OpenSSL.framework",
			);
			runOnlyForDeploymentPostprocessing = 0;
			shellPath = /bin/sh;
			shellScript = "\"${PODS_ROOT}/Target Support Files/Pods-AppleTimer-AppleTimerTests/Pods-AppleTimer-AppleTimerTests-frameworks.sh\"\n";
			showEnvVarsInLog = 0;
		};
		AD5C4E7E5F3A47C5E4DBBCF0 /* [CP] Check Pods Manifest.lock */ = {
			isa = PBXShellScriptBuildPhase;
			buildActionMask = 2147483647;
			files = (
			);
			inputFileListPaths = (
			);
			inputPaths = (
				"${PODS_PODFILE_DIR_PATH}/Podfile.lock",
				"${PODS_ROOT}/Manifest.lock",
			);
			name = "[CP] Check Pods Manifest.lock";
			outputFileListPaths = (
			);
			outputPaths = (
				"$(DERIVED_FILE_DIR)/Pods-AppleTimer-AppleTimerTests-checkManifestLockResult.txt",
			);
			runOnlyForDeploymentPostprocessing = 0;
			shellPath = /bin/sh;
			shellScript = "diff \"${PODS_PODFILE_DIR_PATH}/Podfile.lock\" \"${PODS_ROOT}/Manifest.lock\" > /dev/null\nif [ $? != 0 ] ; then\n    # print error to STDERR\n    echo \"error: The sandbox is not in sync with the Podfile.lock. Run 'pod install' or update your CocoaPods installation.\" >&2\n    exit 1\nfi\n# This output is used by Xcode 'outputs' to avoid re-running this script phase.\necho \"SUCCESS\" > \"${SCRIPT_OUTPUT_FILE_0}\"\n";
			showEnvVarsInLog = 0;
		};
		F372D2FA8123F2010D7AC16D /* [CP] Copy Pods Resources */ = {
			isa = PBXShellScriptBuildPhase;
			buildActionMask = 2147483647;
			files = (
			);
			inputPaths = (
				"${PODS_ROOT}/Target Support Files/Pods-AppleTimer-AppleTimerTests/Pods-AppleTimer-AppleTimerTests-resources.sh",
				"${PODS_CONFIGURATION_BUILD_DIR}/React-Core/AccessibilityResources.bundle",
			);
			name = "[CP] Copy Pods Resources";
			outputPaths = (
				"${TARGET_BUILD_DIR}/${UNLOCALIZED_RESOURCES_FOLDER_PATH}/AccessibilityResources.bundle",
			);
			runOnlyForDeploymentPostprocessing = 0;
			shellPath = /bin/sh;
			shellScript = "\"${PODS_ROOT}/Target Support Files/Pods-AppleTimer-AppleTimerTests/Pods-AppleTimer-AppleTimerTests-resources.sh\"\n";
			showEnvVarsInLog = 0;
		};
		FD10A7F022414F080027D42C /* Start Packager */ = {
			isa = PBXShellScriptBuildPhase;
			buildActionMask = 2147483647;
			files = (
			);
			inputFileListPaths = (
			);
			inputPaths = (
			);
			name = "Start Packager";
			outputFileListPaths = (
			);
			outputPaths = (
			);
			runOnlyForDeploymentPostprocessing = 0;
			shellPath = /bin/sh;
			shellScript = "export RCT_METRO_PORT=\"${RCT_METRO_PORT:=8081}\"\necho \"export RCT_METRO_PORT=${RCT_METRO_PORT}\" > \"${SRCROOT}/../node_modules/react-native/scripts/.packager.env\"\nif [ -z \"${RCT_NO_LAUNCH_PACKAGER+xxx}\" ] ; then\n  if nc -w 5 -z localhost ${RCT_METRO_PORT} ; then\n    if ! curl -s \"http://localhost:${RCT_METRO_PORT}/status\" | grep -q \"packager-status:running\" ; then\n      echo \"Port ${RCT_METRO_PORT} already in use, packager is either not running or not running correctly\"\n      exit 2\n    fi\n  else\n    open \"$SRCROOT/../node_modules/react-native/scripts/launchPackager.command\" || echo \"Can't start packager automatically\"\n  fi\nfi\n";
			showEnvVarsInLog = 0;
		};
		FD10A7F122414F3F0027D42C /* Start Packager */ = {
			isa = PBXShellScriptBuildPhase;
			buildActionMask = 2147483647;
			files = (
			);
			inputFileListPaths = (
			);
			inputPaths = (
			);
			name = "Start Packager";
			outputFileListPaths = (
			);
			outputPaths = (
			);
			runOnlyForDeploymentPostprocessing = 0;
			shellPath = /bin/sh;
			shellScript = "export RCT_METRO_PORT=\"${RCT_METRO_PORT:=8081}\"\necho \"export RCT_METRO_PORT=${RCT_METRO_PORT}\" > \"${SRCROOT}/../node_modules/react-native/scripts/.packager.env\"\nif [ -z \"${RCT_NO_LAUNCH_PACKAGER+xxx}\" ] ; then\n  if nc -w 5 -z localhost ${RCT_METRO_PORT} ; then\n    if ! curl -s \"http://localhost:${RCT_METRO_PORT}/status\" | grep -q \"packager-status:running\" ; then\n      echo \"Port ${RCT_METRO_PORT} already in use, packager is either not running or not running correctly\"\n      exit 2\n    fi\n  else\n    open \"$SRCROOT/../node_modules/react-native/scripts/launchPackager.command\" || echo \"Can't start packager automatically\"\n  fi\nfi\n";
			showEnvVarsInLog = 0;
		};
/* End PBXShellScriptBuildPhase section */

/* Begin PBXSourcesBuildPhase section */
		00E356EA1AD99517003FC87E /* Sources */ = {
			isa = PBXSourcesBuildPhase;
			buildActionMask = 2147483647;
			files = (
				00E356F31AD99517003FC87E /* AppleTimerTests.m in Sources */,
			);
			runOnlyForDeploymentPostprocessing = 0;
		};
		13B07F871A680F5B00A75B9A /* Sources */ = {
			isa = PBXSourcesBuildPhase;
			buildActionMask = 2147483647;
			files = (
				13B07FBC1A68108700A75B9A /* AppDelegate.m in Sources */,
				13B07FC11A68108700A75B9A /* main.m in Sources */,
			);
			runOnlyForDeploymentPostprocessing = 0;
		};
		2D02E4771E0B4A5D006451C7 /* Sources */ = {
			isa = PBXSourcesBuildPhase;
			buildActionMask = 2147483647;
			files = (
				2D02E4BF1E0B4AB3006451C7 /* main.m in Sources */,
				2D02E4BC1E0B4A80006451C7 /* AppDelegate.m in Sources */,
			);
			runOnlyForDeploymentPostprocessing = 0;
		};
		2D02E48C1E0B4A5D006451C7 /* Sources */ = {
			isa = PBXSourcesBuildPhase;
			buildActionMask = 2147483647;
			files = (
				2DCD954D1E0B4F2C00145EB5 /* AppleTimerTests.m in Sources */,
			);
			runOnlyForDeploymentPostprocessing = 0;
		};
/* End PBXSourcesBuildPhase section */

/* Begin PBXTargetDependency section */
		00E356F51AD99517003FC87E /* PBXTargetDependency */ = {
			isa = PBXTargetDependency;
			target = 13B07F861A680F5B00A75B9A /* AppleTimer */;
			targetProxy = 00E356F41AD99517003FC87E /* PBXContainerItemProxy */;
		};
		2D02E4921E0B4A5D006451C7 /* PBXTargetDependency */ = {
			isa = PBXTargetDependency;
			target = 2D02E47A1E0B4A5D006451C7 /* AppleTimer-tvOS */;
			targetProxy = 2D02E4911E0B4A5D006451C7 /* PBXContainerItemProxy */;
		};
/* End PBXTargetDependency section */

/* Begin XCBuildConfiguration section */
		00E356F61AD99517003FC87E /* Debug */ = {
			isa = XCBuildConfiguration;
			baseConfigurationReference = 2F9E780CE724C60CB827C553 /* Pods-AppleTimer-AppleTimerTests.debug.xcconfig */;
			buildSettings = {
				BUNDLE_LOADER = "$(TEST_HOST)";
				GCC_PREPROCESSOR_DEFINITIONS = (
					"DEBUG=1",
					"$(inherited)",
				);
				INFOPLIST_FILE = AppleTimerTests/Info.plist;
				IPHONEOS_DEPLOYMENT_TARGET = 10.0;
				LD_RUNPATH_SEARCH_PATHS = "$(inherited) @executable_path/Frameworks @loader_path/Frameworks";
				OTHER_LDFLAGS = (
					"-ObjC",
					"-lc++",
					"$(inherited)",
				);
				PRODUCT_BUNDLE_IDENTIFIER = "org.reactjs.native.example.$(PRODUCT_NAME:rfc1034identifier)";
				PRODUCT_NAME = "$(TARGET_NAME)";
				TEST_HOST = "$(BUILT_PRODUCTS_DIR)/AppleTimer.app/AppleTimer";
			};
			name = Debug;
		};
		00E356F71AD99517003FC87E /* Release */ = {
			isa = XCBuildConfiguration;
			baseConfigurationReference = A8A496B83138A0046DC1D49A /* Pods-AppleTimer-AppleTimerTests.release.xcconfig */;
			buildSettings = {
				BUNDLE_LOADER = "$(TEST_HOST)";
				COPY_PHASE_STRIP = NO;
				INFOPLIST_FILE = AppleTimerTests/Info.plist;
				IPHONEOS_DEPLOYMENT_TARGET = 10.0;
				LD_RUNPATH_SEARCH_PATHS = "$(inherited) @executable_path/Frameworks @loader_path/Frameworks";
				OTHER_LDFLAGS = (
					"-ObjC",
					"-lc++",
					"$(inherited)",
				);
				PRODUCT_BUNDLE_IDENTIFIER = "org.reactjs.native.example.$(PRODUCT_NAME:rfc1034identifier)";
				PRODUCT_NAME = "$(TARGET_NAME)";
				TEST_HOST = "$(BUILT_PRODUCTS_DIR)/AppleTimer.app/AppleTimer";
			};
			name = Release;
		};
		13B07F941A680F5B00A75B9A /* Debug */ = {
			isa = XCBuildConfiguration;
			baseConfigurationReference = 10ACE8560183868AA4F826E4 /* Pods-AppleTimer.debug.xcconfig */;
			buildSettings = {
				ASSETCATALOG_COMPILER_APPICON_NAME = AppIcon;
				CLANG_ENABLE_MODULES = YES;
				CURRENT_PROJECT_VERSION = 1;
				DEVELOPMENT_TEAM = HT46YHXY6P;
				ENABLE_BITCODE = NO;
				INFOPLIST_FILE = AppleTimer/Info.plist;
				LD_RUNPATH_SEARCH_PATHS = "$(inherited) @executable_path/Frameworks";
				OTHER_LDFLAGS = (
					"$(inherited)",
					"-ObjC",
					"-lc++",
				);
				PRODUCT_BUNDLE_IDENTIFIER = "org.reactjs.native.example.$(PRODUCT_NAME:rfc1034identifier)";
				PRODUCT_NAME = AppleTimer;
				SWIFT_OPTIMIZATION_LEVEL = "-Onone";
				SWIFT_VERSION = 5.0;
				VERSIONING_SYSTEM = "apple-generic";
			};
			name = Debug;
		};
		13B07F951A680F5B00A75B9A /* Release */ = {
			isa = XCBuildConfiguration;
			baseConfigurationReference = 968A20F8BD0245E30FBD22A5 /* Pods-AppleTimer.release.xcconfig */;
			buildSettings = {
				ASSETCATALOG_COMPILER_APPICON_NAME = AppIcon;
				CLANG_ENABLE_MODULES = YES;
				CURRENT_PROJECT_VERSION = 1;
				DEVELOPMENT_TEAM = HT46YHXY6P;
				INFOPLIST_FILE = AppleTimer/Info.plist;
				LD_RUNPATH_SEARCH_PATHS = "$(inherited) @executable_path/Frameworks";
				OTHER_LDFLAGS = (
					"$(inherited)",
					"-ObjC",
					"-lc++",
				);
				PRODUCT_BUNDLE_IDENTIFIER = "org.reactjs.native.example.$(PRODUCT_NAME:rfc1034identifier)";
				PRODUCT_NAME = AppleTimer;
				SWIFT_VERSION = 5.0;
				VERSIONING_SYSTEM = "apple-generic";
			};
			name = Release;
		};
		2D02E4971E0B4A5E006451C7 /* Debug */ = {
			isa = XCBuildConfiguration;
			buildSettings = {
				ASSETCATALOG_COMPILER_APPICON_NAME = "App Icon & Top Shelf Image";
				ASSETCATALOG_COMPILER_LAUNCHIMAGE_NAME = LaunchImage;
				CLANG_ANALYZER_NONNULL = YES;
				CLANG_WARN_DOCUMENTATION_COMMENTS = YES;
				CLANG_WARN_INFINITE_RECURSION = YES;
				CLANG_WARN_SUSPICIOUS_MOVE = YES;
				DEBUG_INFORMATION_FORMAT = dwarf;
				ENABLE_TESTABILITY = YES;
				GCC_NO_COMMON_BLOCKS = YES;
				INFOPLIST_FILE = "AppleTimer-tvOS/Info.plist";
				LD_RUNPATH_SEARCH_PATHS = "$(inherited) @executable_path/Frameworks";
				OTHER_LDFLAGS = (
					"$(inherited)",
					"-ObjC",
					"-lc++",
				);
				PRODUCT_BUNDLE_IDENTIFIER = "org.reactjs.native.example.AppleTimer-tvOS";
				PRODUCT_NAME = "$(TARGET_NAME)";
				SDKROOT = appletvos;
				TARGETED_DEVICE_FAMILY = 3;
				TVOS_DEPLOYMENT_TARGET = 10.0;
			};
			name = Debug;
		};
		2D02E4981E0B4A5E006451C7 /* Release */ = {
			isa = XCBuildConfiguration;
			buildSettings = {
				ASSETCATALOG_COMPILER_APPICON_NAME = "App Icon & Top Shelf Image";
				ASSETCATALOG_COMPILER_LAUNCHIMAGE_NAME = LaunchImage;
				CLANG_ANALYZER_NONNULL = YES;
				CLANG_WARN_DOCUMENTATION_COMMENTS = YES;
				CLANG_WARN_INFINITE_RECURSION = YES;
				CLANG_WARN_SUSPICIOUS_MOVE = YES;
				COPY_PHASE_STRIP = NO;
				DEBUG_INFORMATION_FORMAT = "dwarf-with-dsym";
				GCC_NO_COMMON_BLOCKS = YES;
				INFOPLIST_FILE = "AppleTimer-tvOS/Info.plist";
				LD_RUNPATH_SEARCH_PATHS = "$(inherited) @executable_path/Frameworks";
				OTHER_LDFLAGS = (
					"$(inherited)",
					"-ObjC",
					"-lc++",
				);
				PRODUCT_BUNDLE_IDENTIFIER = "org.reactjs.native.example.AppleTimer-tvOS";
				PRODUCT_NAME = "$(TARGET_NAME)";
				SDKROOT = appletvos;
				TARGETED_DEVICE_FAMILY = 3;
				TVOS_DEPLOYMENT_TARGET = 10.0;
			};
			name = Release;
		};
		2D02E4991E0B4A5E006451C7 /* Debug */ = {
			isa = XCBuildConfiguration;
			buildSettings = {
				BUNDLE_LOADER = "$(TEST_HOST)";
				CLANG_ANALYZER_NONNULL = YES;
				CLANG_WARN_DOCUMENTATION_COMMENTS = YES;
				CLANG_WARN_INFINITE_RECURSION = YES;
				CLANG_WARN_SUSPICIOUS_MOVE = YES;
				DEBUG_INFORMATION_FORMAT = dwarf;
				ENABLE_TESTABILITY = YES;
				GCC_NO_COMMON_BLOCKS = YES;
				INFOPLIST_FILE = "AppleTimer-tvOSTests/Info.plist";
				LD_RUNPATH_SEARCH_PATHS = "$(inherited) @executable_path/Frameworks @loader_path/Frameworks";
				OTHER_LDFLAGS = (
					"$(inherited)",
					"-ObjC",
					"-lc++",
				);
				PRODUCT_BUNDLE_IDENTIFIER = "org.reactjs.native.example.AppleTimer-tvOSTests";
				PRODUCT_NAME = "$(TARGET_NAME)";
				SDKROOT = appletvos;
				TEST_HOST = "$(BUILT_PRODUCTS_DIR)/AppleTimer-tvOS.app/AppleTimer-tvOS";
				TVOS_DEPLOYMENT_TARGET = 10.1;
			};
			name = Debug;
		};
		2D02E49A1E0B4A5E006451C7 /* Release */ = {
			isa = XCBuildConfiguration;
			buildSettings = {
				BUNDLE_LOADER = "$(TEST_HOST)";
				CLANG_ANALYZER_NONNULL = YES;
				CLANG_WARN_DOCUMENTATION_COMMENTS = YES;
				CLANG_WARN_INFINITE_RECURSION = YES;
				CLANG_WARN_SUSPICIOUS_MOVE = YES;
				COPY_PHASE_STRIP = NO;
				DEBUG_INFORMATION_FORMAT = "dwarf-with-dsym";
				GCC_NO_COMMON_BLOCKS = YES;
				INFOPLIST_FILE = "AppleTimer-tvOSTests/Info.plist";
				LD_RUNPATH_SEARCH_PATHS = "$(inherited) @executable_path/Frameworks @loader_path/Frameworks";
				OTHER_LDFLAGS = (
					"$(inherited)",
					"-ObjC",
					"-lc++",
				);
				PRODUCT_BUNDLE_IDENTIFIER = "org.reactjs.native.example.AppleTimer-tvOSTests";
				PRODUCT_NAME = "$(TARGET_NAME)";
				SDKROOT = appletvos;
				TEST_HOST = "$(BUILT_PRODUCTS_DIR)/AppleTimer-tvOS.app/AppleTimer-tvOS";
				TVOS_DEPLOYMENT_TARGET = 10.1;
			};
			name = Release;
		};
		83CBBA201A601CBA00E9B192 /* Debug */ = {
			isa = XCBuildConfiguration;
			buildSettings = {
				ALWAYS_SEARCH_USER_PATHS = NO;
				CLANG_ANALYZER_LOCALIZABILITY_NONLOCALIZED = YES;
				CLANG_CXX_LANGUAGE_STANDARD = "gnu++0x";
				CLANG_CXX_LIBRARY = "libc++";
				CLANG_ENABLE_MODULES = YES;
				CLANG_ENABLE_OBJC_ARC = YES;
				CLANG_WARN_BLOCK_CAPTURE_AUTORELEASING = YES;
				CLANG_WARN_BOOL_CONVERSION = YES;
				CLANG_WARN_COMMA = YES;
				CLANG_WARN_CONSTANT_CONVERSION = YES;
				CLANG_WARN_DEPRECATED_OBJC_IMPLEMENTATIONS = YES;
				CLANG_WARN_DIRECT_OBJC_ISA_USAGE = YES_ERROR;
				CLANG_WARN_EMPTY_BODY = YES;
				CLANG_WARN_ENUM_CONVERSION = YES;
				CLANG_WARN_INFINITE_RECURSION = YES;
				CLANG_WARN_INT_CONVERSION = YES;
				CLANG_WARN_NON_LITERAL_NULL_CONVERSION = YES;
				CLANG_WARN_OBJC_IMPLICIT_RETAIN_SELF = YES;
				CLANG_WARN_OBJC_LITERAL_CONVERSION = YES;
				CLANG_WARN_OBJC_ROOT_CLASS = YES_ERROR;
				CLANG_WARN_RANGE_LOOP_ANALYSIS = YES;
				CLANG_WARN_STRICT_PROTOTYPES = YES;
				CLANG_WARN_SUSPICIOUS_MOVE = YES;
				CLANG_WARN_UNREACHABLE_CODE = YES;
				CLANG_WARN__DUPLICATE_METHOD_MATCH = YES;
				"CODE_SIGN_IDENTITY[sdk=iphoneos*]" = "iPhone Developer";
				COPY_PHASE_STRIP = NO;
				ENABLE_STRICT_OBJC_MSGSEND = YES;
				ENABLE_TESTABILITY = YES;
				"EXCLUDED_ARCHS[sdk=iphonesimulator*]" = "arm64 ";
				GCC_C_LANGUAGE_STANDARD = gnu99;
				GCC_DYNAMIC_NO_PIC = NO;
				GCC_NO_COMMON_BLOCKS = YES;
				GCC_OPTIMIZATION_LEVEL = 0;
				GCC_PREPROCESSOR_DEFINITIONS = (
					"DEBUG=1",
					"$(inherited)",
				);
				GCC_SYMBOLS_PRIVATE_EXTERN = NO;
				GCC_WARN_64_TO_32_BIT_CONVERSION = YES;
				GCC_WARN_ABOUT_RETURN_TYPE = YES_ERROR;
				GCC_WARN_UNDECLARED_SELECTOR = YES;
				GCC_WARN_UNINITIALIZED_AUTOS = YES_AGGRESSIVE;
				GCC_WARN_UNUSED_FUNCTION = YES;
				GCC_WARN_UNUSED_VARIABLE = YES;
				IPHONEOS_DEPLOYMENT_TARGET = 10.0;
				LD_RUNPATH_SEARCH_PATHS = "/usr/lib/swift $(inherited)";
				LIBRARY_SEARCH_PATHS = (
					"\"$(TOOLCHAIN_DIR)/usr/lib/swift/$(PLATFORM_NAME)\"",
					"\"$(TOOLCHAIN_DIR)/usr/lib/swift-5.0/$(PLATFORM_NAME)\"",
					"\"$(inherited)\"",
				);
				MTL_ENABLE_DEBUG_INFO = YES;
				ONLY_ACTIVE_ARCH = YES;
				SDKROOT = iphoneos;
			};
			name = Debug;
		};
		83CBBA211A601CBA00E9B192 /* Release */ = {
			isa = XCBuildConfiguration;
			buildSettings = {
				ALWAYS_SEARCH_USER_PATHS = NO;
				CLANG_ANALYZER_LOCALIZABILITY_NONLOCALIZED = YES;
				CLANG_CXX_LANGUAGE_STANDARD = "gnu++0x";
				CLANG_CXX_LIBRARY = "libc++";
				CLANG_ENABLE_MODULES = YES;
				CLANG_ENABLE_OBJC_ARC = YES;
				CLANG_WARN_BLOCK_CAPTURE_AUTORELEASING = YES;
				CLANG_WARN_BOOL_CONVERSION = YES;
				CLANG_WARN_COMMA = YES;
				CLANG_WARN_CONSTANT_CONVERSION = YES;
				CLANG_WARN_DEPRECATED_OBJC_IMPLEMENTATIONS = YES;
				CLANG_WARN_DIRECT_OBJC_ISA_USAGE = YES_ERROR;
				CLANG_WARN_EMPTY_BODY = YES;
				CLANG_WARN_ENUM_CONVERSION = YES;
				CLANG_WARN_INFINITE_RECURSION = YES;
				CLANG_WARN_INT_CONVERSION = YES;
				CLANG_WARN_NON_LITERAL_NULL_CONVERSION = YES;
				CLANG_WARN_OBJC_IMPLICIT_RETAIN_SELF = YES;
				CLANG_WARN_OBJC_LITERAL_CONVERSION = YES;
				CLANG_WARN_OBJC_ROOT_CLASS = YES_ERROR;
				CLANG_WARN_RANGE_LOOP_ANALYSIS = YES;
				CLANG_WARN_STRICT_PROTOTYPES = YES;
				CLANG_WARN_SUSPICIOUS_MOVE = YES;
				CLANG_WARN_UNREACHABLE_CODE = YES;
				CLANG_WARN__DUPLICATE_METHOD_MATCH = YES;
				"CODE_SIGN_IDENTITY[sdk=iphoneos*]" = "iPhone Developer";
				COPY_PHASE_STRIP = YES;
				ENABLE_NS_ASSERTIONS = NO;
				ENABLE_STRICT_OBJC_MSGSEND = YES;
				"EXCLUDED_ARCHS[sdk=iphonesimulator*]" = "arm64 ";
				GCC_C_LANGUAGE_STANDARD = gnu99;
				GCC_NO_COMMON_BLOCKS = YES;
				GCC_WARN_64_TO_32_BIT_CONVERSION = YES;
				GCC_WARN_ABOUT_RETURN_TYPE = YES_ERROR;
				GCC_WARN_UNDECLARED_SELECTOR = YES;
				GCC_WARN_UNINITIALIZED_AUTOS = YES_AGGRESSIVE;
				GCC_WARN_UNUSED_FUNCTION = YES;
				GCC_WARN_UNUSED_VARIABLE = YES;
				IPHONEOS_DEPLOYMENT_TARGET = 10.0;
				LD_RUNPATH_SEARCH_PATHS = "/usr/lib/swift $(inherited)";
				LIBRARY_SEARCH_PATHS = (
					"\"$(TOOLCHAIN_DIR)/usr/lib/swift/$(PLATFORM_NAME)\"",
					"\"$(TOOLCHAIN_DIR)/usr/lib/swift-5.0/$(PLATFORM_NAME)\"",
					"\"$(inherited)\"",
				);
				MTL_ENABLE_DEBUG_INFO = NO;
				SDKROOT = iphoneos;
				VALIDATE_PRODUCT = YES;
			};
			name = Release;
		};
/* End XCBuildConfiguration section */

/* Begin XCConfigurationList section */
		00E357021AD99517003FC87E /* Build configuration list for PBXNativeTarget "AppleTimerTests" */ = {
			isa = XCConfigurationList;
			buildConfigurations = (
				00E356F61AD99517003FC87E /* Debug */,
				00E356F71AD99517003FC87E /* Release */,
			);
			defaultConfigurationIsVisible = 0;
			defaultConfigurationName = Release;
		};
		13B07F931A680F5B00A75B9A /* Build configuration list for PBXNativeTarget "AppleTimer" */ = {
			isa = XCConfigurationList;
			buildConfigurations = (
				13B07F941A680F5B00A75B9A /* Debug */,
				13B07F951A680F5B00A75B9A /* Release */,
			);
			defaultConfigurationIsVisible = 0;
			defaultConfigurationName = Release;
		};
		2D02E4BA1E0B4A5E006451C7 /* Build configuration list for PBXNativeTarget "AppleTimer-tvOS" */ = {
			isa = XCConfigurationList;
			buildConfigurations = (
				2D02E4971E0B4A5E006451C7 /* Debug */,
				2D02E4981E0B4A5E006451C7 /* Release */,
			);
			defaultConfigurationIsVisible = 0;
			defaultConfigurationName = Release;
		};
		2D02E4BB1E0B4A5E006451C7 /* Build configuration list for PBXNativeTarget "AppleTimer-tvOSTests" */ = {
			isa = XCConfigurationList;
			buildConfigurations = (
				2D02E4991E0B4A5E006451C7 /* Debug */,
				2D02E49A1E0B4A5E006451C7 /* Release */,
			);
			defaultConfigurationIsVisible = 0;
			defaultConfigurationName = Release;
		};
		83CBB9FA1A601CBA00E9B192 /* Build configuration list for PBXProject "AppleTimer" */ = {
			isa = XCConfigurationList;
			buildConfigurations = (
				83CBBA201A601CBA00E9B192 /* Debug */,
				83CBBA211A601CBA00E9B192 /* Release */,
			);
			defaultConfigurationIsVisible = 0;
			defaultConfigurationName = Release;
		};
/* End XCConfigurationList section */
	};
	rootObject = 83CBB9F71A601CBA00E9B192 /* Project object */;
}
